// !$*UTF8*$!
{
	archiveVersion = 1;
	classes = {
	};
	objectVersion = 46;
	objects = {

/* Begin PBXBuildFile section */
		DE01BB5B17712C7200D80549 /* UIKit.framework in Frameworks */ = {isa = PBXBuildFile; fileRef = DE01BB5A17712C7200D80549 /* UIKit.framework */; };
		DE01BB5D17712C7200D80549 /* Foundation.framework in Frameworks */ = {isa = PBXBuildFile; fileRef = DE01BB5C17712C7200D80549 /* Foundation.framework */; };
		DE01BB5F17712C7200D80549 /* CoreGraphics.framework in Frameworks */ = {isa = PBXBuildFile; fileRef = DE01BB5E17712C7200D80549 /* CoreGraphics.framework */; };
		DE01BB6117712C7200D80549 /* CoreData.framework in Frameworks */ = {isa = PBXBuildFile; fileRef = DE01BB6017712C7200D80549 /* CoreData.framework */; };
		DE01BB6717712C7200D80549 /* InfoPlist.strings in Resources */ = {isa = PBXBuildFile; fileRef = DE01BB6517712C7200D80549 /* InfoPlist.strings */; };
		DE01BB6917712C7200D80549 /* main.m in Sources */ = {isa = PBXBuildFile; fileRef = DE01BB6817712C7200D80549 /* main.m */; };
		DE01BB6D17712C7200D80549 /* AppDelegate.m in Sources */ = {isa = PBXBuildFile; fileRef = DE01BB6C17712C7200D80549 /* AppDelegate.m */; };
		DE01BB6F17712C7200D80549 /* Default.png in Resources */ = {isa = PBXBuildFile; fileRef = DE01BB6E17712C7200D80549 /* Default.png */; };
		DE01BB7117712C7200D80549 /* Default@2x.png in Resources */ = {isa = PBXBuildFile; fileRef = DE01BB7017712C7200D80549 /* Default@2x.png */; };
		DE01BB7317712C7200D80549 /* Default-568h@2x.png in Resources */ = {isa = PBXBuildFile; fileRef = DE01BB7217712C7200D80549 /* Default-568h@2x.png */; };
		DE01BB7617712C7200D80549 /* StackMobStarterProject.xcdatamodeld in Sources */ = {isa = PBXBuildFile; fileRef = DE01BB7417712C7200D80549 /* StackMobStarterProject.xcdatamodeld */; };
		DE01BBBA1771313100D80549 /* SystemConfiguration.framework in Frameworks */ = {isa = PBXBuildFile; fileRef = DE01BBB91771313100D80549 /* SystemConfiguration.framework */; };
		DE01BBBC1771313800D80549 /* CoreLocation.framework in Frameworks */ = {isa = PBXBuildFile; fileRef = DE01BBBB1771313800D80549 /* CoreLocation.framework */; };
		DE01BBBE1771313C00D80549 /* Security.framework in Frameworks */ = {isa = PBXBuildFile; fileRef = DE01BBBD1771313C00D80549 /* Security.framework */; };
		DE01BBC01771314100D80549 /* MobileCoreServices.framework in Frameworks */ = {isa = PBXBuildFile; fileRef = DE01BBBF1771314100D80549 /* MobileCoreServices.framework */; };
		DE01BBC21771318500D80549 /* MainStoryboard.storyboard in Resources */ = {isa = PBXBuildFile; fileRef = DE01BBC11771318500D80549 /* MainStoryboard.storyboard */; };
		DE01BBC51771324600D80549 /* TodoTableViewController.m in Sources */ = {isa = PBXBuildFile; fileRef = DE01BBC41771324600D80549 /* TodoTableViewController.m */; };
		DE01BBFF17722DA000D80549 /* TodoDetailViewController.m in Sources */ = {isa = PBXBuildFile; fileRef = DE01BBFE17722DA000D80549 /* TodoDetailViewController.m */; };
		DE4FBFE617826B7500E13A22 /* starter-app-icon.png in Resources */ = {isa = PBXBuildFile; fileRef = DE4FBFE417826B7500E13A22 /* starter-app-icon.png */; };
		DE4FBFE717826B7500E13A22 /* starter-app-icon@2x.png in Resources */ = {isa = PBXBuildFile; fileRef = DE4FBFE517826B7500E13A22 /* starter-app-icon@2x.png */; };
		DEAA26DE177B9A8400A6F62F /* Todo.m in Sources */ = {isa = PBXBuildFile; fileRef = DEAA26DD177B9A8400A6F62F /* Todo.m */; };
		DEAEA45917C683D8004417A5 /* CHANGELOG.md in Resources */ = {isa = PBXBuildFile; fileRef = DEAEA42117C683D8004417A5 /* CHANGELOG.md */; };
		DEAEA45A17C683D8004417A5 /* libstackmob-v2.1.1.a in Frameworks */ = {isa = PBXBuildFile; fileRef = DEAEA45817C683D8004417A5 /* libstackmob-v2.1.1.a */; };
/* End PBXBuildFile section */

/* Begin PBXFileReference section */
		DE01BB5717712C7200D80549 /* StackMobStarterProject.app */ = {isa = PBXFileReference; explicitFileType = wrapper.application; includeInIndex = 0; path = StackMobStarterProject.app; sourceTree = BUILT_PRODUCTS_DIR; };
		DE01BB5A17712C7200D80549 /* UIKit.framework */ = {isa = PBXFileReference; lastKnownFileType = wrapper.framework; name = UIKit.framework; path = System/Library/Frameworks/UIKit.framework; sourceTree = SDKROOT; };
		DE01BB5C17712C7200D80549 /* Foundation.framework */ = {isa = PBXFileReference; lastKnownFileType = wrapper.framework; name = Foundation.framework; path = System/Library/Frameworks/Foundation.framework; sourceTree = SDKROOT; };
		DE01BB5E17712C7200D80549 /* CoreGraphics.framework */ = {isa = PBXFileReference; lastKnownFileType = wrapper.framework; name = CoreGraphics.framework; path = System/Library/Frameworks/CoreGraphics.framework; sourceTree = SDKROOT; };
		DE01BB6017712C7200D80549 /* CoreData.framework */ = {isa = PBXFileReference; lastKnownFileType = wrapper.framework; name = CoreData.framework; path = System/Library/Frameworks/CoreData.framework; sourceTree = SDKROOT; };
		DE01BB6417712C7200D80549 /* StackMobStarterProject-Info.plist */ = {isa = PBXFileReference; lastKnownFileType = text.plist.xml; path = "StackMobStarterProject-Info.plist"; sourceTree = "<group>"; };
		DE01BB6617712C7200D80549 /* en */ = {isa = PBXFileReference; lastKnownFileType = text.plist.strings; name = en; path = en.lproj/InfoPlist.strings; sourceTree = "<group>"; };
		DE01BB6817712C7200D80549 /* main.m */ = {isa = PBXFileReference; lastKnownFileType = sourcecode.c.objc; path = main.m; sourceTree = "<group>"; };
		DE01BB6A17712C7200D80549 /* StackMobStarterProject-Prefix.pch */ = {isa = PBXFileReference; lastKnownFileType = sourcecode.c.h; path = "StackMobStarterProject-Prefix.pch"; sourceTree = "<group>"; };
		DE01BB6B17712C7200D80549 /* AppDelegate.h */ = {isa = PBXFileReference; lastKnownFileType = sourcecode.c.h; path = AppDelegate.h; sourceTree = "<group>"; };
		DE01BB6C17712C7200D80549 /* AppDelegate.m */ = {isa = PBXFileReference; lastKnownFileType = sourcecode.c.objc; path = AppDelegate.m; sourceTree = "<group>"; };
		DE01BB6E17712C7200D80549 /* Default.png */ = {isa = PBXFileReference; lastKnownFileType = image.png; path = Default.png; sourceTree = "<group>"; };
		DE01BB7017712C7200D80549 /* Default@2x.png */ = {isa = PBXFileReference; lastKnownFileType = image.png; path = "Default@2x.png"; sourceTree = "<group>"; };
		DE01BB7217712C7200D80549 /* Default-568h@2x.png */ = {isa = PBXFileReference; lastKnownFileType = image.png; path = "Default-568h@2x.png"; sourceTree = "<group>"; };
		DE01BB7517712C7200D80549 /* StackMobStarterProject.xcdatamodel */ = {isa = PBXFileReference; lastKnownFileType = wrapper.xcdatamodel; path = StackMobStarterProject.xcdatamodel; sourceTree = "<group>"; };
		DE01BBB91771313100D80549 /* SystemConfiguration.framework */ = {isa = PBXFileReference; lastKnownFileType = wrapper.framework; name = SystemConfiguration.framework; path = System/Library/Frameworks/SystemConfiguration.framework; sourceTree = SDKROOT; };
		DE01BBBB1771313800D80549 /* CoreLocation.framework */ = {isa = PBXFileReference; lastKnownFileType = wrapper.framework; name = CoreLocation.framework; path = System/Library/Frameworks/CoreLocation.framework; sourceTree = SDKROOT; };
		DE01BBBD1771313C00D80549 /* Security.framework */ = {isa = PBXFileReference; lastKnownFileType = wrapper.framework; name = Security.framework; path = System/Library/Frameworks/Security.framework; sourceTree = SDKROOT; };
		DE01BBBF1771314100D80549 /* MobileCoreServices.framework */ = {isa = PBXFileReference; lastKnownFileType = wrapper.framework; name = MobileCoreServices.framework; path = System/Library/Frameworks/MobileCoreServices.framework; sourceTree = SDKROOT; };
		DE01BBC11771318500D80549 /* MainStoryboard.storyboard */ = {isa = PBXFileReference; fileEncoding = 4; lastKnownFileType = file.storyboard; path = MainStoryboard.storyboard; sourceTree = "<group>"; };
		DE01BBC31771324600D80549 /* TodoTableViewController.h */ = {isa = PBXFileReference; fileEncoding = 4; lastKnownFileType = sourcecode.c.h; path = TodoTableViewController.h; sourceTree = "<group>"; };
		DE01BBC41771324600D80549 /* TodoTableViewController.m */ = {isa = PBXFileReference; fileEncoding = 4; lastKnownFileType = sourcecode.c.objc; path = TodoTableViewController.m; sourceTree = "<group>"; };
		DE01BBFD17722DA000D80549 /* TodoDetailViewController.h */ = {isa = PBXFileReference; fileEncoding = 4; lastKnownFileType = sourcecode.c.h; path = TodoDetailViewController.h; sourceTree = "<group>"; };
		DE01BBFE17722DA000D80549 /* TodoDetailViewController.m */ = {isa = PBXFileReference; fileEncoding = 4; lastKnownFileType = sourcecode.c.objc; path = TodoDetailViewController.m; sourceTree = "<group>"; };
		DE4FBFE417826B7500E13A22 /* starter-app-icon.png */ = {isa = PBXFileReference; lastKnownFileType = image.png; path = "starter-app-icon.png"; sourceTree = "<group>"; };
		DE4FBFE517826B7500E13A22 /* starter-app-icon@2x.png */ = {isa = PBXFileReference; lastKnownFileType = image.png; path = "starter-app-icon@2x.png"; sourceTree = "<group>"; };
		DEAA26DC177B9A8400A6F62F /* Todo.h */ = {isa = PBXFileReference; fileEncoding = 4; lastKnownFileType = sourcecode.c.h; path = Todo.h; sourceTree = "<group>"; };
		DEAA26DD177B9A8400A6F62F /* Todo.m */ = {isa = PBXFileReference; fileEncoding = 4; lastKnownFileType = sourcecode.c.objc; path = Todo.m; sourceTree = "<group>"; };
		DEAEA42117C683D8004417A5 /* CHANGELOG.md */ = {isa = PBXFileReference; fileEncoding = 4; lastKnownFileType = text; path = CHANGELOG.md; sourceTree = "<group>"; };
		DEAEA42317C683D8004417A5 /* AFHTTPClient+StackMob.h */ = {isa = PBXFileReference; fileEncoding = 4; lastKnownFileType = sourcecode.c.h; path = "AFHTTPClient+StackMob.h"; sourceTree = "<group>"; };
		DEAEA42417C683D8004417A5 /* AFHTTPRequestOperation+RemoveContentType.h */ = {isa = PBXFileReference; fileEncoding = 4; lastKnownFileType = sourcecode.c.h; path = "AFHTTPRequestOperation+RemoveContentType.h"; sourceTree = "<group>"; };
		DEAEA42617C683D8004417A5 /* AFHTTPClient.h */ = {isa = PBXFileReference; fileEncoding = 4; lastKnownFileType = sourcecode.c.h; path = AFHTTPClient.h; sourceTree = "<group>"; };
		DEAEA42717C683D8004417A5 /* AFHTTPRequestOperation.h */ = {isa = PBXFileReference; fileEncoding = 4; lastKnownFileType = sourcecode.c.h; path = AFHTTPRequestOperation.h; sourceTree = "<group>"; };
		DEAEA42817C683D8004417A5 /* AFImageRequestOperation.h */ = {isa = PBXFileReference; fileEncoding = 4; lastKnownFileType = sourcecode.c.h; path = AFImageRequestOperation.h; sourceTree = "<group>"; };
		DEAEA42917C683D8004417A5 /* AFJSONRequestOperation.h */ = {isa = PBXFileReference; fileEncoding = 4; lastKnownFileType = sourcecode.c.h; path = AFJSONRequestOperation.h; sourceTree = "<group>"; };
		DEAEA42A17C683D8004417A5 /* AFNetworkActivityIndicatorManager.h */ = {isa = PBXFileReference; fileEncoding = 4; lastKnownFileType = sourcecode.c.h; path = AFNetworkActivityIndicatorManager.h; sourceTree = "<group>"; };
		DEAEA42B17C683D8004417A5 /* AFNetworking.h */ = {isa = PBXFileReference; fileEncoding = 4; lastKnownFileType = sourcecode.c.h; path = AFNetworking.h; sourceTree = "<group>"; };
		DEAEA42C17C683D8004417A5 /* AFPropertyListRequestOperation.h */ = {isa = PBXFileReference; fileEncoding = 4; lastKnownFileType = sourcecode.c.h; path = AFPropertyListRequestOperation.h; sourceTree = "<group>"; };
		DEAEA42D17C683D8004417A5 /* AFURLConnectionOperation.h */ = {isa = PBXFileReference; fileEncoding = 4; lastKnownFileType = sourcecode.c.h; path = AFURLConnectionOperation.h; sourceTree = "<group>"; };
		DEAEA42E17C683D8004417A5 /* AFXMLRequestOperation.h */ = {isa = PBXFileReference; fileEncoding = 4; lastKnownFileType = sourcecode.c.h; path = AFXMLRequestOperation.h; sourceTree = "<group>"; };
		DEAEA42F17C683D8004417A5 /* UIImageView+AFNetworking.h */ = {isa = PBXFileReference; fileEncoding = 4; lastKnownFileType = sourcecode.c.h; path = "UIImageView+AFNetworking.h"; sourceTree = "<group>"; };
		DEAEA43017C683D8004417A5 /* Base64EncodedStringFromData.h */ = {isa = PBXFileReference; fileEncoding = 4; lastKnownFileType = sourcecode.c.h; path = Base64EncodedStringFromData.h; sourceTree = "<group>"; };
		DEAEA43117C683D8004417A5 /* Common.h */ = {isa = PBXFileReference; fileEncoding = 4; lastKnownFileType = sourcecode.c.h; path = Common.h; sourceTree = "<group>"; };
		DEAEA43217C683D8004417A5 /* FileManagement.h */ = {isa = PBXFileReference; fileEncoding = 4; lastKnownFileType = sourcecode.c.h; path = FileManagement.h; sourceTree = "<group>"; };
		DEAEA43317C683D8004417A5 /* KeychainWrapper.h */ = {isa = PBXFileReference; fileEncoding = 4; lastKnownFileType = sourcecode.c.h; path = KeychainWrapper.h; sourceTree = "<group>"; };
		DEAEA43417C683D8004417A5 /* NSArray+Enumerable.h */ = {isa = PBXFileReference; fileEncoding = 4; lastKnownFileType = sourcecode.c.h; path = "NSArray+Enumerable.h"; sourceTree = "<group>"; };
		DEAEA43517C683D8004417A5 /* NSDictionary+AtomicCounter.h */ = {isa = PBXFileReference; fileEncoding = 4; lastKnownFileType = sourcecode.c.h; path = "NSDictionary+AtomicCounter.h"; sourceTree = "<group>"; };
		DEAEA43617C683D8004417A5 /* NSEntityDescription+StackMobSerialization.h */ = {isa = PBXFileReference; fileEncoding = 4; lastKnownFileType = sourcecode.c.h; path = "NSEntityDescription+StackMobSerialization.h"; sourceTree = "<group>"; };
		DEAEA43717C683D8004417A5 /* NSManagedObject+StackMobSerialization.h */ = {isa = PBXFileReference; fileEncoding = 4; lastKnownFileType = sourcecode.c.h; path = "NSManagedObject+StackMobSerialization.h"; sourceTree = "<group>"; };
		DEAEA43817C683D8004417A5 /* NSManagedObjectContext+Concurrency.h */ = {isa = PBXFileReference; fileEncoding = 4; lastKnownFileType = sourcecode.c.h; path = "NSManagedObjectContext+Concurrency.h"; sourceTree = "<group>"; };
		DEAEA43917C683D8004417A5 /* SMBinaryDataConversion.h */ = {isa = PBXFileReference; fileEncoding = 4; lastKnownFileType = sourcecode.c.h; path = SMBinaryDataConversion.h; sourceTree = "<group>"; };
		DEAEA43A17C683D8004417A5 /* SMClient.h */ = {isa = PBXFileReference; fileEncoding = 4; lastKnownFileType = sourcecode.c.h; path = SMClient.h; sourceTree = "<group>"; };
		DEAEA43B17C683D8004417A5 /* SMCoreDataStore.h */ = {isa = PBXFileReference; fileEncoding = 4; lastKnownFileType = sourcecode.c.h; path = SMCoreDataStore.h; sourceTree = "<group>"; };
		DEAEA43C17C683D8004417A5 /* SMCustomCodeRequest.h */ = {isa = PBXFileReference; fileEncoding = 4; lastKnownFileType = sourcecode.c.h; path = SMCustomCodeRequest.h; sourceTree = "<group>"; };
		DEAEA43D17C683D8004417A5 /* SMDataStore+Protected.h */ = {isa = PBXFileReference; fileEncoding = 4; lastKnownFileType = sourcecode.c.h; path = "SMDataStore+Protected.h"; sourceTree = "<group>"; };
		DEAEA43E17C683D8004417A5 /* SMDataStore.h */ = {isa = PBXFileReference; fileEncoding = 4; lastKnownFileType = sourcecode.c.h; path = SMDataStore.h; sourceTree = "<group>"; };
		DEAEA43F17C683D8004417A5 /* SMError.h */ = {isa = PBXFileReference; fileEncoding = 4; lastKnownFileType = sourcecode.c.h; path = SMError.h; sourceTree = "<group>"; };
		DEAEA44017C683D8004417A5 /* SMGeoPoint.h */ = {isa = PBXFileReference; fileEncoding = 4; lastKnownFileType = sourcecode.c.h; path = SMGeoPoint.h; sourceTree = "<group>"; };
		DEAEA44117C683D8004417A5 /* SMHTTPRequestOperation.h */ = {isa = PBXFileReference; fileEncoding = 4; lastKnownFileType = sourcecode.c.h; path = SMHTTPRequestOperation.h; sourceTree = "<group>"; };
		DEAEA44217C683D8004417A5 /* SMIncrementalStore+Query.h */ = {isa = PBXFileReference; fileEncoding = 4; lastKnownFileType = sourcecode.c.h; path = "SMIncrementalStore+Query.h"; sourceTree = "<group>"; };
		DEAEA44317C683D8004417A5 /* SMIncrementalStore.h */ = {isa = PBXFileReference; fileEncoding = 4; lastKnownFileType = sourcecode.c.h; path = SMIncrementalStore.h; sourceTree = "<group>"; };
		DEAEA44417C683D8004417A5 /* SMIncrementalStoreNode.h */ = {isa = PBXFileReference; fileEncoding = 4; lastKnownFileType = sourcecode.c.h; path = SMIncrementalStoreNode.h; sourceTree = "<group>"; };
		DEAEA44517C683D8004417A5 /* SMJSONRequestOperation.h */ = {isa = PBXFileReference; fileEncoding = 4; lastKnownFileType = sourcecode.c.h; path = SMJSONRequestOperation.h; sourceTree = "<group>"; };
		DEAEA44617C683D8004417A5 /* SMLocationManager.h */ = {isa = PBXFileReference; fileEncoding = 4; lastKnownFileType = sourcecode.c.h; path = SMLocationManager.h; sourceTree = "<group>"; };
		DEAEA44717C683D8004417A5 /* SMNetworkReachability.h */ = {isa = PBXFileReference; fileEncoding = 4; lastKnownFileType = sourcecode.c.h; path = SMNetworkReachability.h; sourceTree = "<group>"; };
		DEAEA44817C683D8004417A5 /* SMOAuth1Client.h */ = {isa = PBXFileReference; fileEncoding = 4; lastKnownFileType = sourcecode.c.h; path = SMOAuth1Client.h; sourceTree = "<group>"; };
		DEAEA44917C683D8004417A5 /* SMOAuth2Client.h */ = {isa = PBXFileReference; fileEncoding = 4; lastKnownFileType = sourcecode.c.h; path = SMOAuth2Client.h; sourceTree = "<group>"; };
		DEAEA44A17C683D8004417A5 /* SMPredicate.h */ = {isa = PBXFileReference; fileEncoding = 4; lastKnownFileType = sourcecode.c.h; path = SMPredicate.h; sourceTree = "<group>"; };
		DEAEA44B17C683D8004417A5 /* SMPushClient.h */ = {isa = PBXFileReference; fileEncoding = 4; lastKnownFileType = sourcecode.c.h; path = SMPushClient.h; sourceTree = "<group>"; };
		DEAEA44C17C683D8004417A5 /* SMPushToken.h */ = {isa = PBXFileReference; fileEncoding = 4; lastKnownFileType = sourcecode.c.h; path = SMPushToken.h; sourceTree = "<group>"; };
		DEAEA44D17C683D8004417A5 /* SMQuery.h */ = {isa = PBXFileReference; fileEncoding = 4; lastKnownFileType = sourcecode.c.h; path = SMQuery.h; sourceTree = "<group>"; };
		DEAEA44E17C683D8004417A5 /* SMRequestOptions.h */ = {isa = PBXFileReference; fileEncoding = 4; lastKnownFileType = sourcecode.c.h; path = SMRequestOptions.h; sourceTree = "<group>"; };
		DEAEA44F17C683D8004417A5 /* SMResponseBlocks.h */ = {isa = PBXFileReference; fileEncoding = 4; lastKnownFileType = sourcecode.c.h; path = SMResponseBlocks.h; sourceTree = "<group>"; };
		DEAEA45017C683D8004417A5 /* SMSyncedObject.h */ = {isa = PBXFileReference; fileEncoding = 4; lastKnownFileType = sourcecode.c.h; path = SMSyncedObject.h; sourceTree = "<group>"; };
		DEAEA45117C683D8004417A5 /* SMUserManagedObject.h */ = {isa = PBXFileReference; fileEncoding = 4; lastKnownFileType = sourcecode.c.h; path = SMUserManagedObject.h; sourceTree = "<group>"; };
		DEAEA45217C683D8004417A5 /* SMUserSession.h */ = {isa = PBXFileReference; fileEncoding = 4; lastKnownFileType = sourcecode.c.h; path = SMUserSession.h; sourceTree = "<group>"; };
		DEAEA45317C683D8004417A5 /* SMVersion.h */ = {isa = PBXFileReference; fileEncoding = 4; lastKnownFileType = sourcecode.c.h; path = SMVersion.h; sourceTree = "<group>"; };
		DEAEA45417C683D8004417A5 /* StackMob.h */ = {isa = PBXFileReference; fileEncoding = 4; lastKnownFileType = sourcecode.c.h; path = StackMob.h; sourceTree = "<group>"; };
		DEAEA45517C683D8004417A5 /* StackMobPush.h */ = {isa = PBXFileReference; fileEncoding = 4; lastKnownFileType = sourcecode.c.h; path = StackMobPush.h; sourceTree = "<group>"; };
		DEAEA45617C683D8004417A5 /* Synchronization.h */ = {isa = PBXFileReference; fileEncoding = 4; lastKnownFileType = sourcecode.c.h; path = Synchronization.h; sourceTree = "<group>"; };
		DEAEA45717C683D8004417A5 /* SystemInformation.h */ = {isa = PBXFileReference; fileEncoding = 4; lastKnownFileType = sourcecode.c.h; path = SystemInformation.h; sourceTree = "<group>"; };
		DEAEA45817C683D8004417A5 /* libstackmob-v2.1.1.a */ = {isa = PBXFileReference; lastKnownFileType = archive.ar; path = "libstackmob-v2.1.1.a"; sourceTree = "<group>"; };
/* End PBXFileReference section */

/* Begin PBXFrameworksBuildPhase section */
		DE01BB5417712C7200D80549 /* Frameworks */ = {
			isa = PBXFrameworksBuildPhase;
			buildActionMask = 2147483647;
			files = (
				DE01BBC01771314100D80549 /* MobileCoreServices.framework in Frameworks */,
				DE01BBBE1771313C00D80549 /* Security.framework in Frameworks */,
				DE01BBBC1771313800D80549 /* CoreLocation.framework in Frameworks */,
				DE01BBBA1771313100D80549 /* SystemConfiguration.framework in Frameworks */,
				DE01BB5B17712C7200D80549 /* UIKit.framework in Frameworks */,
				DE01BB5D17712C7200D80549 /* Foundation.framework in Frameworks */,
				DE01BB5F17712C7200D80549 /* CoreGraphics.framework in Frameworks */,
				DE01BB6117712C7200D80549 /* CoreData.framework in Frameworks */,
				DEAEA45A17C683D8004417A5 /* libstackmob-v2.1.1.a in Frameworks */,
			);
			runOnlyForDeploymentPostprocessing = 0;
		};
/* End PBXFrameworksBuildPhase section */

/* Begin PBXGroup section */
		DE01BB4E17712C7200D80549 = {
			isa = PBXGroup;
			children = (
				DEAEA42017C683D8004417A5 /* StackMob-v2.1.1 */,
				DE01BB6217712C7200D80549 /* StackMobStarterProject */,
				DE01BB5917712C7200D80549 /* Frameworks */,
				DE01BB5817712C7200D80549 /* Products */,
			);
			sourceTree = "<group>";
		};
		DE01BB5817712C7200D80549 /* Products */ = {
			isa = PBXGroup;
			children = (
				DE01BB5717712C7200D80549 /* StackMobStarterProject.app */,
			);
			name = Products;
			sourceTree = "<group>";
		};
		DE01BB5917712C7200D80549 /* Frameworks */ = {
			isa = PBXGroup;
			children = (
				DE01BBBF1771314100D80549 /* MobileCoreServices.framework */,
				DE01BBBD1771313C00D80549 /* Security.framework */,
				DE01BBBB1771313800D80549 /* CoreLocation.framework */,
				DE01BBB91771313100D80549 /* SystemConfiguration.framework */,
				DE01BB5A17712C7200D80549 /* UIKit.framework */,
				DE01BB5C17712C7200D80549 /* Foundation.framework */,
				DE01BB5E17712C7200D80549 /* CoreGraphics.framework */,
				DE01BB6017712C7200D80549 /* CoreData.framework */,
			);
			name = Frameworks;
			sourceTree = "<group>";
		};
		DE01BB6217712C7200D80549 /* StackMobStarterProject */ = {
			isa = PBXGroup;
			children = (
				DE01BB6B17712C7200D80549 /* AppDelegate.h */,
				DE01BB6C17712C7200D80549 /* AppDelegate.m */,
				DE01BBC31771324600D80549 /* TodoTableViewController.h */,
				DE01BBC41771324600D80549 /* TodoTableViewController.m */,
				DE01BBFD17722DA000D80549 /* TodoDetailViewController.h */,
				DE01BBFE17722DA000D80549 /* TodoDetailViewController.m */,
				DE01BBC11771318500D80549 /* MainStoryboard.storyboard */,
				DE01BB7417712C7200D80549 /* StackMobStarterProject.xcdatamodeld */,
				DEAA26DC177B9A8400A6F62F /* Todo.h */,
				DEAA26DD177B9A8400A6F62F /* Todo.m */,
				DE01BB6317712C7200D80549 /* Supporting Files */,
			);
			path = StackMobStarterProject;
			sourceTree = "<group>";
		};
		DE01BB6317712C7200D80549 /* Supporting Files */ = {
			isa = PBXGroup;
			children = (
				DE4FBFE317826B2900E13A22 /* Assets */,
				DE01BB6417712C7200D80549 /* StackMobStarterProject-Info.plist */,
				DE01BB6517712C7200D80549 /* InfoPlist.strings */,
				DE01BB6817712C7200D80549 /* main.m */,
				DE01BB6A17712C7200D80549 /* StackMobStarterProject-Prefix.pch */,
				DE01BB6E17712C7200D80549 /* Default.png */,
				DE01BB7017712C7200D80549 /* Default@2x.png */,
				DE01BB7217712C7200D80549 /* Default-568h@2x.png */,
			);
			name = "Supporting Files";
			sourceTree = "<group>";
		};
		DE4FBFE317826B2900E13A22 /* Assets */ = {
			isa = PBXGroup;
			children = (
				DE4FBFE417826B7500E13A22 /* starter-app-icon.png */,
				DE4FBFE517826B7500E13A22 /* starter-app-icon@2x.png */,
			);
			name = Assets;
			sourceTree = "<group>";
		};
		DEAEA42017C683D8004417A5 /* StackMob-v2.1.1 */ = {
			isa = PBXGroup;
			children = (
				DEAEA42117C683D8004417A5 /* CHANGELOG.md */,
				DEAEA42217C683D8004417A5 /* Headers */,
				DEAEA45817C683D8004417A5 /* libstackmob-v2.1.1.a */,
			);
			path = "StackMob-v2.1.1";
			sourceTree = "<group>";
		};
		DEAEA42217C683D8004417A5 /* Headers */ = {
			isa = PBXGroup;
			children = (
				DEAEA42317C683D8004417A5 /* AFHTTPClient+StackMob.h */,
				DEAEA42417C683D8004417A5 /* AFHTTPRequestOperation+RemoveContentType.h */,
				DEAEA42517C683D8004417A5 /* AFNetworking */,
				DEAEA43017C683D8004417A5 /* Base64EncodedStringFromData.h */,
				DEAEA43117C683D8004417A5 /* Common.h */,
				DEAEA43217C683D8004417A5 /* FileManagement.h */,
				DEAEA43317C683D8004417A5 /* KeychainWrapper.h */,
				DEAEA43417C683D8004417A5 /* NSArray+Enumerable.h */,
				DEAEA43517C683D8004417A5 /* NSDictionary+AtomicCounter.h */,
				DEAEA43617C683D8004417A5 /* NSEntityDescription+StackMobSerialization.h */,
				DEAEA43717C683D8004417A5 /* NSManagedObject+StackMobSerialization.h */,
				DEAEA43817C683D8004417A5 /* NSManagedObjectContext+Concurrency.h */,
				DEAEA43917C683D8004417A5 /* SMBinaryDataConversion.h */,
				DEAEA43A17C683D8004417A5 /* SMClient.h */,
				DEAEA43B17C683D8004417A5 /* SMCoreDataStore.h */,
				DEAEA43C17C683D8004417A5 /* SMCustomCodeRequest.h */,
				DEAEA43D17C683D8004417A5 /* SMDataStore+Protected.h */,
				DEAEA43E17C683D8004417A5 /* SMDataStore.h */,
				DEAEA43F17C683D8004417A5 /* SMError.h */,
				DEAEA44017C683D8004417A5 /* SMGeoPoint.h */,
				DEAEA44117C683D8004417A5 /* SMHTTPRequestOperation.h */,
				DEAEA44217C683D8004417A5 /* SMIncrementalStore+Query.h */,
				DEAEA44317C683D8004417A5 /* SMIncrementalStore.h */,
				DEAEA44417C683D8004417A5 /* SMIncrementalStoreNode.h */,
				DEAEA44517C683D8004417A5 /* SMJSONRequestOperation.h */,
				DEAEA44617C683D8004417A5 /* SMLocationManager.h */,
				DEAEA44717C683D8004417A5 /* SMNetworkReachability.h */,
				DEAEA44817C683D8004417A5 /* SMOAuth1Client.h */,
				DEAEA44917C683D8004417A5 /* SMOAuth2Client.h */,
				DEAEA44A17C683D8004417A5 /* SMPredicate.h */,
				DEAEA44B17C683D8004417A5 /* SMPushClient.h */,
				DEAEA44C17C683D8004417A5 /* SMPushToken.h */,
				DEAEA44D17C683D8004417A5 /* SMQuery.h */,
				DEAEA44E17C683D8004417A5 /* SMRequestOptions.h */,
				DEAEA44F17C683D8004417A5 /* SMResponseBlocks.h */,
				DEAEA45017C683D8004417A5 /* SMSyncedObject.h */,
				DEAEA45117C683D8004417A5 /* SMUserManagedObject.h */,
				DEAEA45217C683D8004417A5 /* SMUserSession.h */,
				DEAEA45317C683D8004417A5 /* SMVersion.h */,
				DEAEA45417C683D8004417A5 /* StackMob.h */,
				DEAEA45517C683D8004417A5 /* StackMobPush.h */,
				DEAEA45617C683D8004417A5 /* Synchronization.h */,
				DEAEA45717C683D8004417A5 /* SystemInformation.h */,
			);
			path = Headers;
			sourceTree = "<group>";
		};
		DEAEA42517C683D8004417A5 /* AFNetworking */ = {
			isa = PBXGroup;
			children = (
				DEAEA42617C683D8004417A5 /* AFHTTPClient.h */,
				DEAEA42717C683D8004417A5 /* AFHTTPRequestOperation.h */,
				DEAEA42817C683D8004417A5 /* AFImageRequestOperation.h */,
				DEAEA42917C683D8004417A5 /* AFJSONRequestOperation.h */,
				DEAEA42A17C683D8004417A5 /* AFNetworkActivityIndicatorManager.h */,
				DEAEA42B17C683D8004417A5 /* AFNetworking.h */,
				DEAEA42C17C683D8004417A5 /* AFPropertyListRequestOperation.h */,
				DEAEA42D17C683D8004417A5 /* AFURLConnectionOperation.h */,
				DEAEA42E17C683D8004417A5 /* AFXMLRequestOperation.h */,
				DEAEA42F17C683D8004417A5 /* UIImageView+AFNetworking.h */,
			);
			path = AFNetworking;
			sourceTree = "<group>";
		};
/* End PBXGroup section */

/* Begin PBXNativeTarget section */
		DE01BB5617712C7200D80549 /* StackMobStarterProject */ = {
			isa = PBXNativeTarget;
			buildConfigurationList = DE01BB7917712C7200D80549 /* Build configuration list for PBXNativeTarget "StackMobStarterProject" */;
			buildPhases = (
				DE01BB5317712C7200D80549 /* Sources */,
				DE01BB5417712C7200D80549 /* Frameworks */,
				DE01BB5517712C7200D80549 /* Resources */,
			);
			buildRules = (
			);
			dependencies = (
			);
			name = StackMobStarterProject;
			productName = StackMobStarterProject;
			productReference = DE01BB5717712C7200D80549 /* StackMobStarterProject.app */;
			productType = "com.apple.product-type.application";
		};
/* End PBXNativeTarget section */

/* Begin PBXProject section */
		DE01BB4F17712C7200D80549 /* Project object */ = {
			isa = PBXProject;
			attributes = {
				LastUpgradeCheck = 0460;
				ORGANIZATIONNAME = StackMob;
			};
			buildConfigurationList = DE01BB5217712C7200D80549 /* Build configuration list for PBXProject "StackMobStarterProject" */;
			compatibilityVersion = "Xcode 3.2";
			developmentRegion = English;
			hasScannedForEncodings = 0;
			knownRegions = (
				en,
			);
			mainGroup = DE01BB4E17712C7200D80549;
			productRefGroup = DE01BB5817712C7200D80549 /* Products */;
			projectDirPath = "";
			projectRoot = "";
			targets = (
				DE01BB5617712C7200D80549 /* StackMobStarterProject */,
			);
		};
/* End PBXProject section */

/* Begin PBXResourcesBuildPhase section */
		DE01BB5517712C7200D80549 /* Resources */ = {
			isa = PBXResourcesBuildPhase;
			buildActionMask = 2147483647;
			files = (
				DE01BB6717712C7200D80549 /* InfoPlist.strings in Resources */,
				DE01BB6F17712C7200D80549 /* Default.png in Resources */,
				DE01BB7117712C7200D80549 /* Default@2x.png in Resources */,
				DE01BB7317712C7200D80549 /* Default-568h@2x.png in Resources */,
				DE01BBC21771318500D80549 /* MainStoryboard.storyboard in Resources */,
				DE4FBFE617826B7500E13A22 /* starter-app-icon.png in Resources */,
				DE4FBFE717826B7500E13A22 /* starter-app-icon@2x.png in Resources */,
				DEAEA45917C683D8004417A5 /* CHANGELOG.md in Resources */,
			);
			runOnlyForDeploymentPostprocessing = 0;
		};
/* End PBXResourcesBuildPhase section */

/* Begin PBXSourcesBuildPhase section */
		DE01BB5317712C7200D80549 /* Sources */ = {
			isa = PBXSourcesBuildPhase;
			buildActionMask = 2147483647;
			files = (
				DE01BB6917712C7200D80549 /* main.m in Sources */,
				DE01BB6D17712C7200D80549 /* AppDelegate.m in Sources */,
				DE01BB7617712C7200D80549 /* StackMobStarterProject.xcdatamodeld in Sources */,
				DE01BBC51771324600D80549 /* TodoTableViewController.m in Sources */,
				DE01BBFF17722DA000D80549 /* TodoDetailViewController.m in Sources */,
				DEAA26DE177B9A8400A6F62F /* Todo.m in Sources */,
			);
			runOnlyForDeploymentPostprocessing = 0;
		};
/* End PBXSourcesBuildPhase section */

/* Begin PBXVariantGroup section */
		DE01BB6517712C7200D80549 /* InfoPlist.strings */ = {
			isa = PBXVariantGroup;
			children = (
				DE01BB6617712C7200D80549 /* en */,
			);
			name = InfoPlist.strings;
			sourceTree = "<group>";
		};
/* End PBXVariantGroup section */

/* Begin XCBuildConfiguration section */
		DE01BB7717712C7200D80549 /* Debug */ = {
			isa = XCBuildConfiguration;
			buildSettings = {
				ALWAYS_SEARCH_USER_PATHS = NO;
				CLANG_CXX_LANGUAGE_STANDARD = "gnu++0x";
				CLANG_CXX_LIBRARY = "libc++";
				CLANG_ENABLE_OBJC_ARC = YES;
				CLANG_WARN_CONSTANT_CONVERSION = YES;
				CLANG_WARN_EMPTY_BODY = YES;
				CLANG_WARN_ENUM_CONVERSION = YES;
				CLANG_WARN_INT_CONVERSION = YES;
				CLANG_WARN__DUPLICATE_METHOD_MATCH = YES;
				"CODE_SIGN_IDENTITY[sdk=iphoneos*]" = "iPhone Developer";
				COPY_PHASE_STRIP = NO;
				GCC_C_LANGUAGE_STANDARD = gnu99;
				GCC_DYNAMIC_NO_PIC = NO;
				GCC_OPTIMIZATION_LEVEL = 0;
				GCC_PREPROCESSOR_DEFINITIONS = (
					"DEBUG=1",
					"$(inherited)",
				);
				GCC_SYMBOLS_PRIVATE_EXTERN = NO;
				GCC_WARN_ABOUT_RETURN_TYPE = YES;
				GCC_WARN_UNINITIALIZED_AUTOS = YES;
				GCC_WARN_UNUSED_VARIABLE = YES;
				IPHONEOS_DEPLOYMENT_TARGET = 6.1;
				ONLY_ACTIVE_ARCH = YES;
				SDKROOT = iphoneos;
			};
			name = Debug;
		};
		DE01BB7817712C7200D80549 /* Release */ = {
			isa = XCBuildConfiguration;
			buildSettings = {
				ALWAYS_SEARCH_USER_PATHS = NO;
				CLANG_CXX_LANGUAGE_STANDARD = "gnu++0x";
				CLANG_CXX_LIBRARY = "libc++";
				CLANG_ENABLE_OBJC_ARC = YES;
				CLANG_WARN_CONSTANT_CONVERSION = YES;
				CLANG_WARN_EMPTY_BODY = YES;
				CLANG_WARN_ENUM_CONVERSION = YES;
				CLANG_WARN_INT_CONVERSION = YES;
				CLANG_WARN__DUPLICATE_METHOD_MATCH = YES;
				"CODE_SIGN_IDENTITY[sdk=iphoneos*]" = "iPhone Developer";
				COPY_PHASE_STRIP = YES;
				GCC_C_LANGUAGE_STANDARD = gnu99;
				GCC_WARN_ABOUT_RETURN_TYPE = YES;
				GCC_WARN_UNINITIALIZED_AUTOS = YES;
				GCC_WARN_UNUSED_VARIABLE = YES;
				IPHONEOS_DEPLOYMENT_TARGET = 6.1;
				OTHER_CFLAGS = "-DNS_BLOCK_ASSERTIONS=1";
				SDKROOT = iphoneos;
				VALIDATE_PRODUCT = YES;
			};
			name = Release;
		};
		DE01BB7A17712C7200D80549 /* Debug */ = {
			isa = XCBuildConfiguration;
			buildSettings = {
				CODE_SIGN_IDENTITY = "";
				"CODE_SIGN_IDENTITY[sdk=iphoneos*]" = "";
				GCC_PRECOMPILE_PREFIX_HEADER = YES;
				GCC_PREFIX_HEADER = "StackMobStarterProject/StackMobStarterProject-Prefix.pch";
				INFOPLIST_FILE = "StackMobStarterProject/StackMobStarterProject-Info.plist";
				LIBRARY_SEARCH_PATHS = (
					"$(inherited)",
					"\"$(SRCROOT)/StackMob-v2.1.1\"",
				);
				OTHER_LDFLAGS = "-ObjC";
				PRODUCT_NAME = "$(TARGET_NAME)";
				WRAPPER_EXTENSION = app;
			};
			name = Debug;
		};
		DE01BB7B17712C7200D80549 /* Release */ = {
			isa = XCBuildConfiguration;
			buildSettings = {
				CODE_SIGN_IDENTITY = "";
				"CODE_SIGN_IDENTITY[sdk=iphoneos*]" = "";
				GCC_PRECOMPILE_PREFIX_HEADER = YES;
				GCC_PREFIX_HEADER = "StackMobStarterProject/StackMobStarterProject-Prefix.pch";
				INFOPLIST_FILE = "StackMobStarterProject/StackMobStarterProject-Info.plist";
				LIBRARY_SEARCH_PATHS = (
					"$(inherited)",
					"\"$(SRCROOT)/StackMob-v2.1.1\"",
				);
				OTHER_LDFLAGS = "-ObjC";
				PRODUCT_NAME = "$(TARGET_NAME)";
				WRAPPER_EXTENSION = app;
			};
			name = Release;
		};
/* End XCBuildConfiguration section */

/* Begin XCConfigurationList section */
		DE01BB5217712C7200D80549 /* Build configuration list for PBXProject "StackMobStarterProject" */ = {
			isa = XCConfigurationList;
			buildConfigurations = (
				DE01BB7717712C7200D80549 /* Debug */,
				DE01BB7817712C7200D80549 /* Release */,
			);
			defaultConfigurationIsVisible = 0;
			defaultConfigurationName = Release;
		};
		DE01BB7917712C7200D80549 /* Build configuration list for PBXNativeTarget "StackMobStarterProject" */ = {
			isa = XCConfigurationList;
			buildConfigurations = (
				DE01BB7A17712C7200D80549 /* Debug */,
				DE01BB7B17712C7200D80549 /* Release */,
			);
			defaultConfigurationIsVisible = 0;
			defaultConfigurationName = Release;
		};
/* End XCConfigurationList section */

/* Begin XCVersionGroup section */
		DE01BB7417712C7200D80549 /* StackMobStarterProject.xcdatamodeld */ = {
			isa = XCVersionGroup;
			children = (
				DE01BB7517712C7200D80549 /* StackMobStarterProject.xcdatamodel */,
			);
			currentVersion = DE01BB7517712C7200D80549 /* StackMobStarterProject.xcdatamodel */;
			path = StackMobStarterProject.xcdatamodeld;
			sourceTree = "<group>";
			versionGroupType = wrapper.xcdatamodel;
		};
/* End XCVersionGroup section */
	};
	rootObject = DE01BB4F17712C7200D80549 /* Project object */;
}
