// !$*UTF8*$!
{
	archiveVersion = 1;
	classes = {
	};
	objectVersion = 46;
	objects = {

/* Begin PBXBuildFile section */
		DE01BB5B17712C7200D80549 /* UIKit.framework in Frameworks */ = {isa = PBXBuildFile; fileRef = DE01BB5A17712C7200D80549 /* UIKit.framework */; };
		DE01BB5D17712C7200D80549 /* Foundation.framework in Frameworks */ = {isa = PBXBuildFile; fileRef = DE01BB5C17712C7200D80549 /* Foundation.framework */; };
		DE01BB5F17712C7200D80549 /* CoreGraphics.framework in Frameworks */ = {isa = PBXBuildFile; fileRef = DE01BB5E17712C7200D80549 /* CoreGraphics.framework */; };
		DE01BB6117712C7200D80549 /* CoreData.framework in Frameworks */ = {isa = PBXBuildFile; fileRef = DE01BB6017712C7200D80549 /* CoreData.framework */; };
		DE01BB6717712C7200D80549 /* InfoPlist.strings in Resources */ = {isa = PBXBuildFile; fileRef = DE01BB6517712C7200D80549 /* InfoPlist.strings */; };
		DE01BB6917712C7200D80549 /* main.m in Sources */ = {isa = PBXBuildFile; fileRef = DE01BB6817712C7200D80549 /* main.m */; };
		DE01BB6D17712C7200D80549 /* AppDelegate.m in Sources */ = {isa = PBXBuildFile; fileRef = DE01BB6C17712C7200D80549 /* AppDelegate.m */; };
		DE01BB6F17712C7200D80549 /* Default.png in Resources */ = {isa = PBXBuildFile; fileRef = DE01BB6E17712C7200D80549 /* Default.png */; };
		DE01BB7117712C7200D80549 /* Default@2x.png in Resources */ = {isa = PBXBuildFile; fileRef = DE01BB7017712C7200D80549 /* Default@2x.png */; };
		DE01BB7317712C7200D80549 /* Default-568h@2x.png in Resources */ = {isa = PBXBuildFile; fileRef = DE01BB7217712C7200D80549 /* Default-568h@2x.png */; };
		DE01BB7617712C7200D80549 /* StackMobStarterProject.xcdatamodeld in Sources */ = {isa = PBXBuildFile; fileRef = DE01BB7417712C7200D80549 /* StackMobStarterProject.xcdatamodeld */; };
		DE01BBBA1771313100D80549 /* SystemConfiguration.framework in Frameworks */ = {isa = PBXBuildFile; fileRef = DE01BBB91771313100D80549 /* SystemConfiguration.framework */; };
		DE01BBBC1771313800D80549 /* CoreLocation.framework in Frameworks */ = {isa = PBXBuildFile; fileRef = DE01BBBB1771313800D80549 /* CoreLocation.framework */; };
		DE01BBBE1771313C00D80549 /* Security.framework in Frameworks */ = {isa = PBXBuildFile; fileRef = DE01BBBD1771313C00D80549 /* Security.framework */; };
		DE01BBC01771314100D80549 /* MobileCoreServices.framework in Frameworks */ = {isa = PBXBuildFile; fileRef = DE01BBBF1771314100D80549 /* MobileCoreServices.framework */; };
		DE01BBC21771318500D80549 /* MainStoryboard.storyboard in Resources */ = {isa = PBXBuildFile; fileRef = DE01BBC11771318500D80549 /* MainStoryboard.storyboard */; };
		DE01BBC51771324600D80549 /* TodoTableViewController.m in Sources */ = {isa = PBXBuildFile; fileRef = DE01BBC41771324600D80549 /* TodoTableViewController.m */; };
		DE01BBFF17722DA000D80549 /* TodoDetailViewController.m in Sources */ = {isa = PBXBuildFile; fileRef = DE01BBFE17722DA000D80549 /* TodoDetailViewController.m */; };
		DE01BC381772397800D80549 /* CHANGELOG.md in Resources */ = {isa = PBXBuildFile; fileRef = DE01BC011772397800D80549 /* CHANGELOG.md */; };
		DE01BC391772397800D80549 /* libstackmob-v2.0.0.a in Frameworks */ = {isa = PBXBuildFile; fileRef = DE01BC371772397800D80549 /* libstackmob-v2.0.0.a */; };
		DEAA26DE177B9A8400A6F62F /* Todo.m in Sources */ = {isa = PBXBuildFile; fileRef = DEAA26DD177B9A8400A6F62F /* Todo.m */; };
/* End PBXBuildFile section */

/* Begin PBXFileReference section */
		DE01BB5717712C7200D80549 /* StackMobStarterProject.app */ = {isa = PBXFileReference; explicitFileType = wrapper.application; includeInIndex = 0; path = StackMobStarterProject.app; sourceTree = BUILT_PRODUCTS_DIR; };
		DE01BB5A17712C7200D80549 /* UIKit.framework */ = {isa = PBXFileReference; lastKnownFileType = wrapper.framework; name = UIKit.framework; path = System/Library/Frameworks/UIKit.framework; sourceTree = SDKROOT; };
		DE01BB5C17712C7200D80549 /* Foundation.framework */ = {isa = PBXFileReference; lastKnownFileType = wrapper.framework; name = Foundation.framework; path = System/Library/Frameworks/Foundation.framework; sourceTree = SDKROOT; };
		DE01BB5E17712C7200D80549 /* CoreGraphics.framework */ = {isa = PBXFileReference; lastKnownFileType = wrapper.framework; name = CoreGraphics.framework; path = System/Library/Frameworks/CoreGraphics.framework; sourceTree = SDKROOT; };
		DE01BB6017712C7200D80549 /* CoreData.framework */ = {isa = PBXFileReference; lastKnownFileType = wrapper.framework; name = CoreData.framework; path = System/Library/Frameworks/CoreData.framework; sourceTree = SDKROOT; };
		DE01BB6417712C7200D80549 /* StackMobStarterProject-Info.plist */ = {isa = PBXFileReference; lastKnownFileType = text.plist.xml; path = "StackMobStarterProject-Info.plist"; sourceTree = "<group>"; };
		DE01BB6617712C7200D80549 /* en */ = {isa = PBXFileReference; lastKnownFileType = text.plist.strings; name = en; path = en.lproj/InfoPlist.strings; sourceTree = "<group>"; };
		DE01BB6817712C7200D80549 /* main.m */ = {isa = PBXFileReference; lastKnownFileType = sourcecode.c.objc; path = main.m; sourceTree = "<group>"; };
		DE01BB6A17712C7200D80549 /* StackMobStarterProject-Prefix.pch */ = {isa = PBXFileReference; lastKnownFileType = sourcecode.c.h; path = "StackMobStarterProject-Prefix.pch"; sourceTree = "<group>"; };
		DE01BB6B17712C7200D80549 /* AppDelegate.h */ = {isa = PBXFileReference; lastKnownFileType = sourcecode.c.h; path = AppDelegate.h; sourceTree = "<group>"; };
		DE01BB6C17712C7200D80549 /* AppDelegate.m */ = {isa = PBXFileReference; lastKnownFileType = sourcecode.c.objc; path = AppDelegate.m; sourceTree = "<group>"; };
		DE01BB6E17712C7200D80549 /* Default.png */ = {isa = PBXFileReference; lastKnownFileType = image.png; path = Default.png; sourceTree = "<group>"; };
		DE01BB7017712C7200D80549 /* Default@2x.png */ = {isa = PBXFileReference; lastKnownFileType = image.png; path = "Default@2x.png"; sourceTree = "<group>"; };
		DE01BB7217712C7200D80549 /* Default-568h@2x.png */ = {isa = PBXFileReference; lastKnownFileType = image.png; path = "Default-568h@2x.png"; sourceTree = "<group>"; };
		DE01BB7517712C7200D80549 /* StackMobStarterProject.xcdatamodel */ = {isa = PBXFileReference; lastKnownFileType = wrapper.xcdatamodel; path = StackMobStarterProject.xcdatamodel; sourceTree = "<group>"; };
		DE01BBB91771313100D80549 /* SystemConfiguration.framework */ = {isa = PBXFileReference; lastKnownFileType = wrapper.framework; name = SystemConfiguration.framework; path = System/Library/Frameworks/SystemConfiguration.framework; sourceTree = SDKROOT; };
		DE01BBBB1771313800D80549 /* CoreLocation.framework */ = {isa = PBXFileReference; lastKnownFileType = wrapper.framework; name = CoreLocation.framework; path = System/Library/Frameworks/CoreLocation.framework; sourceTree = SDKROOT; };
		DE01BBBD1771313C00D80549 /* Security.framework */ = {isa = PBXFileReference; lastKnownFileType = wrapper.framework; name = Security.framework; path = System/Library/Frameworks/Security.framework; sourceTree = SDKROOT; };
		DE01BBBF1771314100D80549 /* MobileCoreServices.framework */ = {isa = PBXFileReference; lastKnownFileType = wrapper.framework; name = MobileCoreServices.framework; path = System/Library/Frameworks/MobileCoreServices.framework; sourceTree = SDKROOT; };
		DE01BBC11771318500D80549 /* MainStoryboard.storyboard */ = {isa = PBXFileReference; fileEncoding = 4; lastKnownFileType = file.storyboard; path = MainStoryboard.storyboard; sourceTree = "<group>"; };
		DE01BBC31771324600D80549 /* TodoTableViewController.h */ = {isa = PBXFileReference; fileEncoding = 4; lastKnownFileType = sourcecode.c.h; path = TodoTableViewController.h; sourceTree = "<group>"; };
		DE01BBC41771324600D80549 /* TodoTableViewController.m */ = {isa = PBXFileReference; fileEncoding = 4; lastKnownFileType = sourcecode.c.objc; path = TodoTableViewController.m; sourceTree = "<group>"; };
		DE01BBFD17722DA000D80549 /* TodoDetailViewController.h */ = {isa = PBXFileReference; fileEncoding = 4; lastKnownFileType = sourcecode.c.h; path = TodoDetailViewController.h; sourceTree = "<group>"; };
		DE01BBFE17722DA000D80549 /* TodoDetailViewController.m */ = {isa = PBXFileReference; fileEncoding = 4; lastKnownFileType = sourcecode.c.objc; path = TodoDetailViewController.m; sourceTree = "<group>"; };
		DE01BC011772397800D80549 /* CHANGELOG.md */ = {isa = PBXFileReference; fileEncoding = 4; lastKnownFileType = text; path = CHANGELOG.md; sourceTree = "<group>"; };
		DE01BC031772397800D80549 /* AFHTTPClient+StackMob.h */ = {isa = PBXFileReference; fileEncoding = 4; lastKnownFileType = sourcecode.c.h; path = "AFHTTPClient+StackMob.h"; sourceTree = "<group>"; };
		DE01BC041772397800D80549 /* AFHTTPRequestOperation+RemoveContentType.h */ = {isa = PBXFileReference; fileEncoding = 4; lastKnownFileType = sourcecode.c.h; path = "AFHTTPRequestOperation+RemoveContentType.h"; sourceTree = "<group>"; };
		DE01BC061772397800D80549 /* AFHTTPClient.h */ = {isa = PBXFileReference; fileEncoding = 4; lastKnownFileType = sourcecode.c.h; path = AFHTTPClient.h; sourceTree = "<group>"; };
		DE01BC071772397800D80549 /* AFHTTPRequestOperation.h */ = {isa = PBXFileReference; fileEncoding = 4; lastKnownFileType = sourcecode.c.h; path = AFHTTPRequestOperation.h; sourceTree = "<group>"; };
		DE01BC081772397800D80549 /* AFImageRequestOperation.h */ = {isa = PBXFileReference; fileEncoding = 4; lastKnownFileType = sourcecode.c.h; path = AFImageRequestOperation.h; sourceTree = "<group>"; };
		DE01BC091772397800D80549 /* AFJSONRequestOperation.h */ = {isa = PBXFileReference; fileEncoding = 4; lastKnownFileType = sourcecode.c.h; path = AFJSONRequestOperation.h; sourceTree = "<group>"; };
		DE01BC0A1772397800D80549 /* AFNetworkActivityIndicatorManager.h */ = {isa = PBXFileReference; fileEncoding = 4; lastKnownFileType = sourcecode.c.h; path = AFNetworkActivityIndicatorManager.h; sourceTree = "<group>"; };
		DE01BC0B1772397800D80549 /* AFNetworking.h */ = {isa = PBXFileReference; fileEncoding = 4; lastKnownFileType = sourcecode.c.h; path = AFNetworking.h; sourceTree = "<group>"; };
		DE01BC0C1772397800D80549 /* AFPropertyListRequestOperation.h */ = {isa = PBXFileReference; fileEncoding = 4; lastKnownFileType = sourcecode.c.h; path = AFPropertyListRequestOperation.h; sourceTree = "<group>"; };
		DE01BC0D1772397800D80549 /* AFURLConnectionOperation.h */ = {isa = PBXFileReference; fileEncoding = 4; lastKnownFileType = sourcecode.c.h; path = AFURLConnectionOperation.h; sourceTree = "<group>"; };
		DE01BC0E1772397800D80549 /* AFXMLRequestOperation.h */ = {isa = PBXFileReference; fileEncoding = 4; lastKnownFileType = sourcecode.c.h; path = AFXMLRequestOperation.h; sourceTree = "<group>"; };
		DE01BC0F1772397800D80549 /* UIImageView+AFNetworking.h */ = {isa = PBXFileReference; fileEncoding = 4; lastKnownFileType = sourcecode.c.h; path = "UIImageView+AFNetworking.h"; sourceTree = "<group>"; };
		DE01BC101772397800D80549 /* Base64EncodedStringFromData.h */ = {isa = PBXFileReference; fileEncoding = 4; lastKnownFileType = sourcecode.c.h; path = Base64EncodedStringFromData.h; sourceTree = "<group>"; };
		DE01BC111772397800D80549 /* Common.h */ = {isa = PBXFileReference; fileEncoding = 4; lastKnownFileType = sourcecode.c.h; path = Common.h; sourceTree = "<group>"; };
		DE01BC121772397800D80549 /* FileManagement.h */ = {isa = PBXFileReference; fileEncoding = 4; lastKnownFileType = sourcecode.c.h; path = FileManagement.h; sourceTree = "<group>"; };
		DE01BC131772397800D80549 /* KeychainWrapper.h */ = {isa = PBXFileReference; fileEncoding = 4; lastKnownFileType = sourcecode.c.h; path = KeychainWrapper.h; sourceTree = "<group>"; };
		DE01BC141772397800D80549 /* NSArray+Enumerable.h */ = {isa = PBXFileReference; fileEncoding = 4; lastKnownFileType = sourcecode.c.h; path = "NSArray+Enumerable.h"; sourceTree = "<group>"; };
		DE01BC151772397800D80549 /* NSDictionary+AtomicCounter.h */ = {isa = PBXFileReference; fileEncoding = 4; lastKnownFileType = sourcecode.c.h; path = "NSDictionary+AtomicCounter.h"; sourceTree = "<group>"; };
		DE01BC161772397800D80549 /* NSEntityDescription+StackMobSerialization.h */ = {isa = PBXFileReference; fileEncoding = 4; lastKnownFileType = sourcecode.c.h; path = "NSEntityDescription+StackMobSerialization.h"; sourceTree = "<group>"; };
		DE01BC171772397800D80549 /* NSManagedObject+StackMobSerialization.h */ = {isa = PBXFileReference; fileEncoding = 4; lastKnownFileType = sourcecode.c.h; path = "NSManagedObject+StackMobSerialization.h"; sourceTree = "<group>"; };
		DE01BC181772397800D80549 /* NSManagedObjectContext+Concurrency.h */ = {isa = PBXFileReference; fileEncoding = 4; lastKnownFileType = sourcecode.c.h; path = "NSManagedObjectContext+Concurrency.h"; sourceTree = "<group>"; };
		DE01BC191772397800D80549 /* SMBinaryDataConversion.h */ = {isa = PBXFileReference; fileEncoding = 4; lastKnownFileType = sourcecode.c.h; path = SMBinaryDataConversion.h; sourceTree = "<group>"; };
		DE01BC1A1772397800D80549 /* SMClient.h */ = {isa = PBXFileReference; fileEncoding = 4; lastKnownFileType = sourcecode.c.h; path = SMClient.h; sourceTree = "<group>"; };
		DE01BC1B1772397800D80549 /* SMCoreDataStore.h */ = {isa = PBXFileReference; fileEncoding = 4; lastKnownFileType = sourcecode.c.h; path = SMCoreDataStore.h; sourceTree = "<group>"; };
		DE01BC1C1772397800D80549 /* SMCustomCodeRequest.h */ = {isa = PBXFileReference; fileEncoding = 4; lastKnownFileType = sourcecode.c.h; path = SMCustomCodeRequest.h; sourceTree = "<group>"; };
		DE01BC1D1772397800D80549 /* SMDataStore+Protected.h */ = {isa = PBXFileReference; fileEncoding = 4; lastKnownFileType = sourcecode.c.h; path = "SMDataStore+Protected.h"; sourceTree = "<group>"; };
		DE01BC1E1772397800D80549 /* SMDataStore.h */ = {isa = PBXFileReference; fileEncoding = 4; lastKnownFileType = sourcecode.c.h; path = SMDataStore.h; sourceTree = "<group>"; };
		DE01BC1F1772397800D80549 /* SMError.h */ = {isa = PBXFileReference; fileEncoding = 4; lastKnownFileType = sourcecode.c.h; path = SMError.h; sourceTree = "<group>"; };
		DE01BC201772397800D80549 /* SMGeoPoint.h */ = {isa = PBXFileReference; fileEncoding = 4; lastKnownFileType = sourcecode.c.h; path = SMGeoPoint.h; sourceTree = "<group>"; };
		DE01BC211772397800D80549 /* SMIncrementalStore+Query.h */ = {isa = PBXFileReference; fileEncoding = 4; lastKnownFileType = sourcecode.c.h; path = "SMIncrementalStore+Query.h"; sourceTree = "<group>"; };
		DE01BC221772397800D80549 /* SMIncrementalStore.h */ = {isa = PBXFileReference; fileEncoding = 4; lastKnownFileType = sourcecode.c.h; path = SMIncrementalStore.h; sourceTree = "<group>"; };
		DE01BC231772397800D80549 /* SMIncrementalStoreNode.h */ = {isa = PBXFileReference; fileEncoding = 4; lastKnownFileType = sourcecode.c.h; path = SMIncrementalStoreNode.h; sourceTree = "<group>"; };
		DE01BC241772397800D80549 /* SMJSONRequestOperation.h */ = {isa = PBXFileReference; fileEncoding = 4; lastKnownFileType = sourcecode.c.h; path = SMJSONRequestOperation.h; sourceTree = "<group>"; };
		DE01BC251772397800D80549 /* SMLocationManager.h */ = {isa = PBXFileReference; fileEncoding = 4; lastKnownFileType = sourcecode.c.h; path = SMLocationManager.h; sourceTree = "<group>"; };
		DE01BC261772397800D80549 /* SMNetworkReachability.h */ = {isa = PBXFileReference; fileEncoding = 4; lastKnownFileType = sourcecode.c.h; path = SMNetworkReachability.h; sourceTree = "<group>"; };
		DE01BC271772397800D80549 /* SMOAuth1Client.h */ = {isa = PBXFileReference; fileEncoding = 4; lastKnownFileType = sourcecode.c.h; path = SMOAuth1Client.h; sourceTree = "<group>"; };
		DE01BC281772397800D80549 /* SMOAuth2Client.h */ = {isa = PBXFileReference; fileEncoding = 4; lastKnownFileType = sourcecode.c.h; path = SMOAuth2Client.h; sourceTree = "<group>"; };
		DE01BC291772397800D80549 /* SMPredicate.h */ = {isa = PBXFileReference; fileEncoding = 4; lastKnownFileType = sourcecode.c.h; path = SMPredicate.h; sourceTree = "<group>"; };
		DE01BC2A1772397800D80549 /* SMPushClient.h */ = {isa = PBXFileReference; fileEncoding = 4; lastKnownFileType = sourcecode.c.h; path = SMPushClient.h; sourceTree = "<group>"; };
		DE01BC2B1772397800D80549 /* SMPushToken.h */ = {isa = PBXFileReference; fileEncoding = 4; lastKnownFileType = sourcecode.c.h; path = SMPushToken.h; sourceTree = "<group>"; };
		DE01BC2C1772397800D80549 /* SMQuery.h */ = {isa = PBXFileReference; fileEncoding = 4; lastKnownFileType = sourcecode.c.h; path = SMQuery.h; sourceTree = "<group>"; };
		DE01BC2D1772397800D80549 /* SMRequestOptions.h */ = {isa = PBXFileReference; fileEncoding = 4; lastKnownFileType = sourcecode.c.h; path = SMRequestOptions.h; sourceTree = "<group>"; };
		DE01BC2E1772397800D80549 /* SMResponseBlocks.h */ = {isa = PBXFileReference; fileEncoding = 4; lastKnownFileType = sourcecode.c.h; path = SMResponseBlocks.h; sourceTree = "<group>"; };
		DE01BC2F1772397800D80549 /* SMSyncedObject.h */ = {isa = PBXFileReference; fileEncoding = 4; lastKnownFileType = sourcecode.c.h; path = SMSyncedObject.h; sourceTree = "<group>"; };
		DE01BC301772397800D80549 /* SMUserManagedObject.h */ = {isa = PBXFileReference; fileEncoding = 4; lastKnownFileType = sourcecode.c.h; path = SMUserManagedObject.h; sourceTree = "<group>"; };
		DE01BC311772397800D80549 /* SMUserSession.h */ = {isa = PBXFileReference; fileEncoding = 4; lastKnownFileType = sourcecode.c.h; path = SMUserSession.h; sourceTree = "<group>"; };
		DE01BC321772397800D80549 /* SMVersion.h */ = {isa = PBXFileReference; fileEncoding = 4; lastKnownFileType = sourcecode.c.h; path = SMVersion.h; sourceTree = "<group>"; };
		DE01BC331772397800D80549 /* StackMob.h */ = {isa = PBXFileReference; fileEncoding = 4; lastKnownFileType = sourcecode.c.h; path = StackMob.h; sourceTree = "<group>"; };
		DE01BC341772397800D80549 /* StackMobPush.h */ = {isa = PBXFileReference; fileEncoding = 4; lastKnownFileType = sourcecode.c.h; path = StackMobPush.h; sourceTree = "<group>"; };
		DE01BC351772397800D80549 /* Synchronization.h */ = {isa = PBXFileReference; fileEncoding = 4; lastKnownFileType = sourcecode.c.h; path = Synchronization.h; sourceTree = "<group>"; };
		DE01BC361772397800D80549 /* SystemInformation.h */ = {isa = PBXFileReference; fileEncoding = 4; lastKnownFileType = sourcecode.c.h; path = SystemInformation.h; sourceTree = "<group>"; };
		DE01BC371772397800D80549 /* libstackmob-v2.0.0.a */ = {isa = PBXFileReference; lastKnownFileType = archive.ar; path = "libstackmob-v2.0.0.a"; sourceTree = "<group>"; };
		DEAA26DC177B9A8400A6F62F /* Todo.h */ = {isa = PBXFileReference; fileEncoding = 4; lastKnownFileType = sourcecode.c.h; path = Todo.h; sourceTree = "<group>"; };
		DEAA26DD177B9A8400A6F62F /* Todo.m */ = {isa = PBXFileReference; fileEncoding = 4; lastKnownFileType = sourcecode.c.objc; path = Todo.m; sourceTree = "<group>"; };
/* End PBXFileReference section */

/* Begin PBXFrameworksBuildPhase section */
		DE01BB5417712C7200D80549 /* Frameworks */ = {
			isa = PBXFrameworksBuildPhase;
			buildActionMask = 2147483647;
			files = (
				DE01BBC01771314100D80549 /* MobileCoreServices.framework in Frameworks */,
				DE01BBBE1771313C00D80549 /* Security.framework in Frameworks */,
				DE01BBBC1771313800D80549 /* CoreLocation.framework in Frameworks */,
				DE01BBBA1771313100D80549 /* SystemConfiguration.framework in Frameworks */,
				DE01BB5B17712C7200D80549 /* UIKit.framework in Frameworks */,
				DE01BB5D17712C7200D80549 /* Foundation.framework in Frameworks */,
				DE01BB5F17712C7200D80549 /* CoreGraphics.framework in Frameworks */,
				DE01BB6117712C7200D80549 /* CoreData.framework in Frameworks */,
				DE01BC391772397800D80549 /* libstackmob-v2.0.0.a in Frameworks */,
			);
			runOnlyForDeploymentPostprocessing = 0;
		};
/* End PBXFrameworksBuildPhase section */

/* Begin PBXGroup section */
		DE01BB4E17712C7200D80549 = {
			isa = PBXGroup;
			children = (
				DE01BC001772397800D80549 /* StackMob-v2.0.0 */,
				DE01BB6217712C7200D80549 /* StackMobStarterProject */,
				DE01BB5917712C7200D80549 /* Frameworks */,
				DE01BB5817712C7200D80549 /* Products */,
			);
			sourceTree = "<group>";
		};
		DE01BB5817712C7200D80549 /* Products */ = {
			isa = PBXGroup;
			children = (
				DE01BB5717712C7200D80549 /* StackMobStarterProject.app */,
			);
			name = Products;
			sourceTree = "<group>";
		};
		DE01BB5917712C7200D80549 /* Frameworks */ = {
			isa = PBXGroup;
			children = (
				DE01BBBF1771314100D80549 /* MobileCoreServices.framework */,
				DE01BBBD1771313C00D80549 /* Security.framework */,
				DE01BBBB1771313800D80549 /* CoreLocation.framework */,
				DE01BBB91771313100D80549 /* SystemConfiguration.framework */,
				DE01BB5A17712C7200D80549 /* UIKit.framework */,
				DE01BB5C17712C7200D80549 /* Foundation.framework */,
				DE01BB5E17712C7200D80549 /* CoreGraphics.framework */,
				DE01BB6017712C7200D80549 /* CoreData.framework */,
			);
			name = Frameworks;
			sourceTree = "<group>";
		};
		DE01BB6217712C7200D80549 /* StackMobStarterProject */ = {
			isa = PBXGroup;
			children = (
				DE01BB6B17712C7200D80549 /* AppDelegate.h */,
				DE01BB6C17712C7200D80549 /* AppDelegate.m */,
				DE01BBC31771324600D80549 /* TodoTableViewController.h */,
				DE01BBC41771324600D80549 /* TodoTableViewController.m */,
				DE01BBFD17722DA000D80549 /* TodoDetailViewController.h */,
				DE01BBFE17722DA000D80549 /* TodoDetailViewController.m */,
				DE01BBC11771318500D80549 /* MainStoryboard.storyboard */,
				DE01BB7417712C7200D80549 /* StackMobStarterProject.xcdatamodeld */,
				DEAA26DC177B9A8400A6F62F /* Todo.h */,
				DEAA26DD177B9A8400A6F62F /* Todo.m */,
				DE01BB6317712C7200D80549 /* Supporting Files */,
			);
			path = StackMobStarterProject;
			sourceTree = "<group>";
		};
		DE01BB6317712C7200D80549 /* Supporting Files */ = {
			isa = PBXGroup;
			children = (
				DE01BB6417712C7200D80549 /* StackMobStarterProject-Info.plist */,
				DE01BB6517712C7200D80549 /* InfoPlist.strings */,
				DE01BB6817712C7200D80549 /* main.m */,
				DE01BB6A17712C7200D80549 /* StackMobStarterProject-Prefix.pch */,
				DE01BB6E17712C7200D80549 /* Default.png */,
				DE01BB7017712C7200D80549 /* Default@2x.png */,
				DE01BB7217712C7200D80549 /* Default-568h@2x.png */,
			);
			name = "Supporting Files";
			sourceTree = "<group>";
		};
		DE01BC001772397800D80549 /* StackMob-v2.0.0 */ = {
			isa = PBXGroup;
			children = (
				DE01BC011772397800D80549 /* CHANGELOG.md */,
				DE01BC021772397800D80549 /* Headers */,
				DE01BC371772397800D80549 /* libstackmob-v2.0.0.a */,
			);
			path = "StackMob-v2.0.0";
			sourceTree = "<group>";
		};
		DE01BC021772397800D80549 /* Headers */ = {
			isa = PBXGroup;
			children = (
				DE01BC031772397800D80549 /* AFHTTPClient+StackMob.h */,
				DE01BC041772397800D80549 /* AFHTTPRequestOperation+RemoveContentType.h */,
				DE01BC051772397800D80549 /* AFNetworking */,
				DE01BC101772397800D80549 /* Base64EncodedStringFromData.h */,
				DE01BC111772397800D80549 /* Common.h */,
				DE01BC121772397800D80549 /* FileManagement.h */,
				DE01BC131772397800D80549 /* KeychainWrapper.h */,
				DE01BC141772397800D80549 /* NSArray+Enumerable.h */,
				DE01BC151772397800D80549 /* NSDictionary+AtomicCounter.h */,
				DE01BC161772397800D80549 /* NSEntityDescription+StackMobSerialization.h */,
				DE01BC171772397800D80549 /* NSManagedObject+StackMobSerialization.h */,
				DE01BC181772397800D80549 /* NSManagedObjectContext+Concurrency.h */,
				DE01BC191772397800D80549 /* SMBinaryDataConversion.h */,
				DE01BC1A1772397800D80549 /* SMClient.h */,
				DE01BC1B1772397800D80549 /* SMCoreDataStore.h */,
				DE01BC1C1772397800D80549 /* SMCustomCodeRequest.h */,
				DE01BC1D1772397800D80549 /* SMDataStore+Protected.h */,
				DE01BC1E1772397800D80549 /* SMDataStore.h */,
				DE01BC1F1772397800D80549 /* SMError.h */,
				DE01BC201772397800D80549 /* SMGeoPoint.h */,
				DE01BC211772397800D80549 /* SMIncrementalStore+Query.h */,
				DE01BC221772397800D80549 /* SMIncrementalStore.h */,
				DE01BC231772397800D80549 /* SMIncrementalStoreNode.h */,
				DE01BC241772397800D80549 /* SMJSONRequestOperation.h */,
				DE01BC251772397800D80549 /* SMLocationManager.h */,
				DE01BC261772397800D80549 /* SMNetworkReachability.h */,
				DE01BC271772397800D80549 /* SMOAuth1Client.h */,
				DE01BC281772397800D80549 /* SMOAuth2Client.h */,
				DE01BC291772397800D80549 /* SMPredicate.h */,
				DE01BC2A1772397800D80549 /* SMPushClient.h */,
				DE01BC2B1772397800D80549 /* SMPushToken.h */,
				DE01BC2C1772397800D80549 /* SMQuery.h */,
				DE01BC2D1772397800D80549 /* SMRequestOptions.h */,
				DE01BC2E1772397800D80549 /* SMResponseBlocks.h */,
				DE01BC2F1772397800D80549 /* SMSyncedObject.h */,
				DE01BC301772397800D80549 /* SMUserManagedObject.h */,
				DE01BC311772397800D80549 /* SMUserSession.h */,
				DE01BC321772397800D80549 /* SMVersion.h */,
				DE01BC331772397800D80549 /* StackMob.h */,
				DE01BC341772397800D80549 /* StackMobPush.h */,
				DE01BC351772397800D80549 /* Synchronization.h */,
				DE01BC361772397800D80549 /* SystemInformation.h */,
			);
			path = Headers;
			sourceTree = "<group>";
		};
		DE01BC051772397800D80549 /* AFNetworking */ = {
			isa = PBXGroup;
			children = (
				DE01BC061772397800D80549 /* AFHTTPClient.h */,
				DE01BC071772397800D80549 /* AFHTTPRequestOperation.h */,
				DE01BC081772397800D80549 /* AFImageRequestOperation.h */,
				DE01BC091772397800D80549 /* AFJSONRequestOperation.h */,
				DE01BC0A1772397800D80549 /* AFNetworkActivityIndicatorManager.h */,
				DE01BC0B1772397800D80549 /* AFNetworking.h */,
				DE01BC0C1772397800D80549 /* AFPropertyListRequestOperation.h */,
				DE01BC0D1772397800D80549 /* AFURLConnectionOperation.h */,
				DE01BC0E1772397800D80549 /* AFXMLRequestOperation.h */,
				DE01BC0F1772397800D80549 /* UIImageView+AFNetworking.h */,
			);
			path = AFNetworking;
			sourceTree = "<group>";
		};
/* End PBXGroup section */

/* Begin PBXNativeTarget section */
		DE01BB5617712C7200D80549 /* StackMobStarterProject */ = {
			isa = PBXNativeTarget;
			buildConfigurationList = DE01BB7917712C7200D80549 /* Build configuration list for PBXNativeTarget "StackMobStarterProject" */;
			buildPhases = (
				DE01BB5317712C7200D80549 /* Sources */,
				DE01BB5417712C7200D80549 /* Frameworks */,
				DE01BB5517712C7200D80549 /* Resources */,
			);
			buildRules = (
			);
			dependencies = (
			);
			name = StackMobStarterProject;
			productName = StackMobStarterProject;
			productReference = DE01BB5717712C7200D80549 /* StackMobStarterProject.app */;
			productType = "com.apple.product-type.application";
		};
/* End PBXNativeTarget section */

/* Begin PBXProject section */
		DE01BB4F17712C7200D80549 /* Project object */ = {
			isa = PBXProject;
			attributes = {
				LastUpgradeCheck = 0460;
				ORGANIZATIONNAME = StackMob;
			};
			buildConfigurationList = DE01BB5217712C7200D80549 /* Build configuration list for PBXProject "StackMobStarterProject" */;
			compatibilityVersion = "Xcode 3.2";
			developmentRegion = English;
			hasScannedForEncodings = 0;
			knownRegions = (
				en,
			);
			mainGroup = DE01BB4E17712C7200D80549;
			productRefGroup = DE01BB5817712C7200D80549 /* Products */;
			projectDirPath = "";
			projectRoot = "";
			targets = (
				DE01BB5617712C7200D80549 /* StackMobStarterProject */,
			);
		};
/* End PBXProject section */

/* Begin PBXResourcesBuildPhase section */
		DE01BB5517712C7200D80549 /* Resources */ = {
			isa = PBXResourcesBuildPhase;
			buildActionMask = 2147483647;
			files = (
				DE01BB6717712C7200D80549 /* InfoPlist.strings in Resources */,
				DE01BB6F17712C7200D80549 /* Default.png in Resources */,
				DE01BB7117712C7200D80549 /* Default@2x.png in Resources */,
				DE01BB7317712C7200D80549 /* Default-568h@2x.png in Resources */,
				DE01BBC21771318500D80549 /* MainStoryboard.storyboard in Resources */,
				DE01BC381772397800D80549 /* CHANGELOG.md in Resources */,
			);
			runOnlyForDeploymentPostprocessing = 0;
		};
/* End PBXResourcesBuildPhase section */

/* Begin PBXSourcesBuildPhase section */
		DE01BB5317712C7200D80549 /* Sources */ = {
			isa = PBXSourcesBuildPhase;
			buildActionMask = 2147483647;
			files = (
				DE01BB6917712C7200D80549 /* main.m in Sources */,
				DE01BB6D17712C7200D80549 /* AppDelegate.m in Sources */,
				DE01BB7617712C7200D80549 /* StackMobStarterProject.xcdatamodeld in Sources */,
				DE01BBC51771324600D80549 /* TodoTableViewController.m in Sources */,
				DE01BBFF17722DA000D80549 /* TodoDetailViewController.m in Sources */,
				DEAA26DE177B9A8400A6F62F /* Todo.m in Sources */,
			);
			runOnlyForDeploymentPostprocessing = 0;
		};
/* End PBXSourcesBuildPhase section */

/* Begin PBXVariantGroup section */
		DE01BB6517712C7200D80549 /* InfoPlist.strings */ = {
			isa = PBXVariantGroup;
			children = (
				DE01BB6617712C7200D80549 /* en */,
			);
			name = InfoPlist.strings;
			sourceTree = "<group>";
		};
/* End PBXVariantGroup section */

/* Begin XCBuildConfiguration section */
		DE01BB7717712C7200D80549 /* Debug */ = {
			isa = XCBuildConfiguration;
			buildSettings = {
				ALWAYS_SEARCH_USER_PATHS = NO;
				CLANG_CXX_LANGUAGE_STANDARD = "gnu++0x";
				CLANG_CXX_LIBRARY = "libc++";
				CLANG_ENABLE_OBJC_ARC = YES;
				CLANG_WARN_CONSTANT_CONVERSION = YES;
				CLANG_WARN_EMPTY_BODY = YES;
				CLANG_WARN_ENUM_CONVERSION = YES;
				CLANG_WARN_INT_CONVERSION = YES;
				CLANG_WARN__DUPLICATE_METHOD_MATCH = YES;
				"CODE_SIGN_IDENTITY[sdk=iphoneos*]" = "iPhone Developer";
				COPY_PHASE_STRIP = NO;
				GCC_C_LANGUAGE_STANDARD = gnu99;
				GCC_DYNAMIC_NO_PIC = NO;
				GCC_OPTIMIZATION_LEVEL = 0;
				GCC_PREPROCESSOR_DEFINITIONS = (
					"DEBUG=1",
					"$(inherited)",
				);
				GCC_SYMBOLS_PRIVATE_EXTERN = NO;
				GCC_WARN_ABOUT_RETURN_TYPE = YES;
				GCC_WARN_UNINITIALIZED_AUTOS = YES;
				GCC_WARN_UNUSED_VARIABLE = YES;
				IPHONEOS_DEPLOYMENT_TARGET = 6.1;
				ONLY_ACTIVE_ARCH = YES;
				SDKROOT = iphoneos;
			};
			name = Debug;
		};
		DE01BB7817712C7200D80549 /* Release */ = {
			isa = XCBuildConfiguration;
			buildSettings = {
				ALWAYS_SEARCH_USER_PATHS = NO;
				CLANG_CXX_LANGUAGE_STANDARD = "gnu++0x";
				CLANG_CXX_LIBRARY = "libc++";
				CLANG_ENABLE_OBJC_ARC = YES;
				CLANG_WARN_CONSTANT_CONVERSION = YES;
				CLANG_WARN_EMPTY_BODY = YES;
				CLANG_WARN_ENUM_CONVERSION = YES;
				CLANG_WARN_INT_CONVERSION = YES;
				CLANG_WARN__DUPLICATE_METHOD_MATCH = YES;
				"CODE_SIGN_IDENTITY[sdk=iphoneos*]" = "iPhone Developer";
				COPY_PHASE_STRIP = YES;
				GCC_C_LANGUAGE_STANDARD = gnu99;
				GCC_WARN_ABOUT_RETURN_TYPE = YES;
				GCC_WARN_UNINITIALIZED_AUTOS = YES;
				GCC_WARN_UNUSED_VARIABLE = YES;
				IPHONEOS_DEPLOYMENT_TARGET = 6.1;
				OTHER_CFLAGS = "-DNS_BLOCK_ASSERTIONS=1";
				SDKROOT = iphoneos;
				VALIDATE_PRODUCT = YES;
			};
			name = Release;
		};
		DE01BB7A17712C7200D80549 /* Debug */ = {
			isa = XCBuildConfiguration;
			buildSettings = {
				CODE_SIGN_IDENTITY = "iPhone Developer";
				"CODE_SIGN_IDENTITY[sdk=iphoneos*]" = "iPhone Developer";
				GCC_PRECOMPILE_PREFIX_HEADER = YES;
				GCC_PREFIX_HEADER = "StackMobStarterProject/StackMobStarterProject-Prefix.pch";
				INFOPLIST_FILE = "StackMobStarterProject/StackMobStarterProject-Info.plist";
				LIBRARY_SEARCH_PATHS = (
					"$(inherited)",
					"\"$(SRCROOT)/StackMob-v2.0.0\"",
				);
				OTHER_LDFLAGS = "-ObjC";
				PRODUCT_NAME = "$(TARGET_NAME)";
				PROVISIONING_PROFILE = "";
				"PROVISIONING_PROFILE[sdk=iphoneos*]" = "";
				WRAPPER_EXTENSION = app;
			};
			name = Debug;
		};
		DE01BB7B17712C7200D80549 /* Release */ = {
			isa = XCBuildConfiguration;
			buildSettings = {
				CODE_SIGN_IDENTITY = "iPhone Developer";
				"CODE_SIGN_IDENTITY[sdk=iphoneos*]" = "iPhone Developer";
				GCC_PRECOMPILE_PREFIX_HEADER = YES;
				GCC_PREFIX_HEADER = "StackMobStarterProject/StackMobStarterProject-Prefix.pch";
				INFOPLIST_FILE = "StackMobStarterProject/StackMobStarterProject-Info.plist";
				LIBRARY_SEARCH_PATHS = (
					"$(inherited)",
					"\"$(SRCROOT)/StackMob-v2.0.0\"",
				);
				OTHER_LDFLAGS = "-ObjC";
				PRODUCT_NAME = "$(TARGET_NAME)";
				PROVISIONING_PROFILE = "";
				"PROVISIONING_PROFILE[sdk=iphoneos*]" = "";
				WRAPPER_EXTENSION = app;
			};
			name = Release;
		};
/* End XCBuildConfiguration section */

/* Begin XCConfigurationList section */
		DE01BB5217712C7200D80549 /* Build configuration list for PBXProject "StackMobStarterProject" */ = {
			isa = XCConfigurationList;
			buildConfigurations = (
				DE01BB7717712C7200D80549 /* Debug */,
				DE01BB7817712C7200D80549 /* Release */,
			);
			defaultConfigurationIsVisible = 0;
			defaultConfigurationName = Release;
		};
		DE01BB7917712C7200D80549 /* Build configuration list for PBXNativeTarget "StackMobStarterProject" */ = {
			isa = XCConfigurationList;
			buildConfigurations = (
				DE01BB7A17712C7200D80549 /* Debug */,
				DE01BB7B17712C7200D80549 /* Release */,
			);
			defaultConfigurationIsVisible = 0;
			defaultConfigurationName = Release;
		};
/* End XCConfigurationList section */

/* Begin XCVersionGroup section */
		DE01BB7417712C7200D80549 /* StackMobStarterProject.xcdatamodeld */ = {
			isa = XCVersionGroup;
			children = (
				DE01BB7517712C7200D80549 /* StackMobStarterProject.xcdatamodel */,
			);
			currentVersion = DE01BB7517712C7200D80549 /* StackMobStarterProject.xcdatamodel */;
			path = StackMobStarterProject.xcdatamodeld;
			sourceTree = "<group>";
			versionGroupType = wrapper.xcdatamodel;
		};
/* End XCVersionGroup section */
	};
	rootObject = DE01BB4F17712C7200D80549 /* Project object */;
}
