// !$*UTF8*$!
{
	archiveVersion = 1;
	classes = {
	};
	objectVersion = 46;
	objects = {

/* Begin PBXBuildFile section */
		100A452C149AFBEA003A8642 /* UIKit.framework in Frameworks */ = {isa = PBXBuildFile; fileRef = 100A452B149AFBEA003A8642 /* UIKit.framework */; };
		100A452E149AFBEA003A8642 /* Foundation.framework in Frameworks */ = {isa = PBXBuildFile; fileRef = 100A452D149AFBEA003A8642 /* Foundation.framework */; };
		100A4530149AFBEA003A8642 /* CoreGraphics.framework in Frameworks */ = {isa = PBXBuildFile; fileRef = 100A452F149AFBEA003A8642 /* CoreGraphics.framework */; };
		100A4536149AFBEA003A8642 /* InfoPlist.strings in Resources */ = {isa = PBXBuildFile; fileRef = 100A4534149AFBEA003A8642 /* InfoPlist.strings */; };
		100A4538149AFBEA003A8642 /* main.m in Sources */ = {isa = PBXBuildFile; fileRef = 100A4537149AFBEA003A8642 /* main.m */; settings = {COMPILER_FLAGS = "-fno-objc-arc"; }; };
		100A453C149AFBEA003A8642 /* StackMobStarterProjectAppDelegate.m in Sources */ = {isa = PBXBuildFile; fileRef = 100A453B149AFBEA003A8642 /* StackMobStarterProjectAppDelegate.m */; settings = {COMPILER_FLAGS = "-fno-objc-arc"; }; };
		100A4553149AFBEA003A8642 /* SenTestingKit.framework in Frameworks */ = {isa = PBXBuildFile; fileRef = 100A4552149AFBEA003A8642 /* SenTestingKit.framework */; };
		100A4554149AFBEA003A8642 /* UIKit.framework in Frameworks */ = {isa = PBXBuildFile; fileRef = 100A452B149AFBEA003A8642 /* UIKit.framework */; };
		100A4555149AFBEA003A8642 /* Foundation.framework in Frameworks */ = {isa = PBXBuildFile; fileRef = 100A452D149AFBEA003A8642 /* Foundation.framework */; };
		100A4556149AFBEA003A8642 /* CoreGraphics.framework in Frameworks */ = {isa = PBXBuildFile; fileRef = 100A452F149AFBEA003A8642 /* CoreGraphics.framework */; };
		100A455E149AFBEA003A8642 /* InfoPlist.strings in Resources */ = {isa = PBXBuildFile; fileRef = 100A455C149AFBEA003A8642 /* InfoPlist.strings */; };
		100A4561149AFBEA003A8642 /* StackMobStarterProjectTests.m in Sources */ = {isa = PBXBuildFile; fileRef = 100A4560149AFBEA003A8642 /* StackMobStarterProjectTests.m */; };
		100A45CE149AFD39003A8642 /* CFNetwork.framework in Frameworks */ = {isa = PBXBuildFile; fileRef = 100A45CD149AFD39003A8642 /* CFNetwork.framework */; };
		100A45D0149AFD4E003A8642 /* SystemConfiguration.framework in Frameworks */ = {isa = PBXBuildFile; fileRef = 100A45CF149AFD4E003A8642 /* SystemConfiguration.framework */; };
		5615C7C21506C26E001F2AD2 /* MainStoryboard_iPhone.storyboard in Resources */ = {isa = PBXBuildFile; fileRef = 5615C7C11506C26E001F2AD2 /* MainStoryboard_iPhone.storyboard */; };
		5615C7C31506C26E001F2AD2 /* MainStoryboard_iPhone.storyboard in Resources */ = {isa = PBXBuildFile; fileRef = 5615C7C11506C26E001F2AD2 /* MainStoryboard_iPhone.storyboard */; };
		561FC8A4155AB77500C0B342 /* InneractiveViewViewController.m in Sources */ = {isa = PBXBuildFile; fileRef = 561FC8A3155AB77500C0B342 /* InneractiveViewViewController.m */; settings = {COMPILER_FLAGS = "-fno-objc-arc"; }; };
		DE0CC72915CB0C1A00E491C4 /* InneractiveAdSDK-v112-S.a in Frameworks */ = {isa = PBXBuildFile; fileRef = DE0CC6DE15CB0C1A00E491C4 /* InneractiveAdSDK-v112-S.a */; };
		DE0CC72A15CB0C1A00E491C4 /* JSONKit.m in Sources */ = {isa = PBXBuildFile; fileRef = DE0CC6E115CB0C1A00E491C4 /* JSONKit.m */; };
		DE0CC72B15CB0C1A00E491C4 /* YAJLIOS.framework in Frameworks */ = {isa = PBXBuildFile; fileRef = DE0CC6E315CB0C1A00E491C4 /* YAJLIOS.framework */; };
		DE0CC72C15CB0C1A00E491C4 /* Base64Transcoder.c in Sources */ = {isa = PBXBuildFile; fileRef = DE0CC6E615CB0C1A00E491C4 /* Base64Transcoder.c */; };
		DE0CC72D15CB0C1A00E491C4 /* NSMutableURLRequest+Parameters.m in Sources */ = {isa = PBXBuildFile; fileRef = DE0CC6E915CB0C1A00E491C4 /* NSMutableURLRequest+Parameters.m */; };
		DE0CC72E15CB0C1A00E491C4 /* NSString+URLEncoding.m in Sources */ = {isa = PBXBuildFile; fileRef = DE0CC6EB15CB0C1A00E491C4 /* NSString+URLEncoding.m */; };
		DE0CC72F15CB0C1A00E491C4 /* NSURL+Base.m in Sources */ = {isa = PBXBuildFile; fileRef = DE0CC6ED15CB0C1A00E491C4 /* NSURL+Base.m */; };
		DE0CC73015CB0C1A00E491C4 /* OAAsynchronousDataFetcher.m in Sources */ = {isa = PBXBuildFile; fileRef = DE0CC6EF15CB0C1A00E491C4 /* OAAsynchronousDataFetcher.m */; };
		DE0CC73115CB0C1A00E491C4 /* OAConsumer.m in Sources */ = {isa = PBXBuildFile; fileRef = DE0CC6F115CB0C1A00E491C4 /* OAConsumer.m */; };
		DE0CC73215CB0C1A00E491C4 /* OADataFetcher.m in Sources */ = {isa = PBXBuildFile; fileRef = DE0CC6F315CB0C1A00E491C4 /* OADataFetcher.m */; };
		DE0CC73315CB0C1A00E491C4 /* OAHMAC_SHA1SignatureProvider.m in Sources */ = {isa = PBXBuildFile; fileRef = DE0CC6F515CB0C1A00E491C4 /* OAHMAC_SHA1SignatureProvider.m */; };
		DE0CC73415CB0C1A00E491C4 /* OAMutableURLRequest.m in Sources */ = {isa = PBXBuildFile; fileRef = DE0CC6F715CB0C1A00E491C4 /* OAMutableURLRequest.m */; };
		DE0CC73515CB0C1A00E491C4 /* OAPlaintextSignatureProvider.m in Sources */ = {isa = PBXBuildFile; fileRef = DE0CC6F915CB0C1A00E491C4 /* OAPlaintextSignatureProvider.m */; };
		DE0CC73615CB0C1A00E491C4 /* OARequestParameter.m in Sources */ = {isa = PBXBuildFile; fileRef = DE0CC6FB15CB0C1A00E491C4 /* OARequestParameter.m */; };
		DE0CC73715CB0C1A00E491C4 /* OAServiceTicket.m in Sources */ = {isa = PBXBuildFile; fileRef = DE0CC6FD15CB0C1A00E491C4 /* OAServiceTicket.m */; };
		DE0CC73815CB0C1A00E491C4 /* OAToken.m in Sources */ = {isa = PBXBuildFile; fileRef = DE0CC70015CB0C1A00E491C4 /* OAToken.m */; };
		DE0CC73915CB0C1A00E491C4 /* Reachability.m in Sources */ = {isa = PBXBuildFile; fileRef = DE0CC70415CB0C1A00E491C4 /* Reachability.m */; };
		DE0CC73A15CB0C1A00E491C4 /* SecureUDID.m in Sources */ = {isa = PBXBuildFile; fileRef = DE0CC70715CB0C1A00E491C4 /* SecureUDID.m */; };
		DE0CC73B15CB0C1A00E491C4 /* SMFile.m in Sources */ = {isa = PBXBuildFile; fileRef = DE0CC70915CB0C1A00E491C4 /* SMFile.m */; };
		DE0CC73C15CB0C1A00E491C4 /* SMGeoPoint.m in Sources */ = {isa = PBXBuildFile; fileRef = DE0CC70B15CB0C1A00E491C4 /* SMGeoPoint.m */; };
		DE0CC73D15CB0C1A00E491C4 /* StackMob.m in Sources */ = {isa = PBXBuildFile; fileRef = DE0CC70D15CB0C1A00E491C4 /* StackMob.m */; };
		DE0CC73E15CB0C1A00E491C4 /* StackMobAccessTokenRequest.m in Sources */ = {isa = PBXBuildFile; fileRef = DE0CC70F15CB0C1A00E491C4 /* StackMobAccessTokenRequest.m */; };
		DE0CC73F15CB0C1A00E491C4 /* StackMobAdditions.m in Sources */ = {isa = PBXBuildFile; fileRef = DE0CC71115CB0C1A00E491C4 /* StackMobAdditions.m */; };
		DE0CC74015CB0C1A00E491C4 /* StackMobBulkRequest.m in Sources */ = {isa = PBXBuildFile; fileRef = DE0CC71315CB0C1A00E491C4 /* StackMobBulkRequest.m */; };
		DE0CC74115CB0C1A00E491C4 /* StackMobClientData.m in Sources */ = {isa = PBXBuildFile; fileRef = DE0CC71515CB0C1A00E491C4 /* StackMobClientData.m */; };
		DE0CC74215CB0C1A00E491C4 /* StackMobCookieStore.m in Sources */ = {isa = PBXBuildFile; fileRef = DE0CC71815CB0C1A00E491C4 /* StackMobCookieStore.m */; };
		DE0CC74315CB0C1A00E491C4 /* StackMobHerokuRequest.m in Sources */ = {isa = PBXBuildFile; fileRef = DE0CC71A15CB0C1A00E491C4 /* StackMobHerokuRequest.m */; };
		DE0CC74415CB0C1A00E491C4 /* StackMobPushRequest.m in Sources */ = {isa = PBXBuildFile; fileRef = DE0CC71C15CB0C1A00E491C4 /* StackMobPushRequest.m */; };
		DE0CC74515CB0C1A00E491C4 /* StackMobQuery.m in Sources */ = {isa = PBXBuildFile; fileRef = DE0CC71E15CB0C1A00E491C4 /* StackMobQuery.m */; };
		DE0CC74615CB0C1A00E491C4 /* StackMobRequest.m in Sources */ = {isa = PBXBuildFile; fileRef = DE0CC72015CB0C1A00E491C4 /* StackMobRequest.m */; };
		DE0CC74715CB0C1A00E491C4 /* StackMobSession.m in Sources */ = {isa = PBXBuildFile; fileRef = DE0CC72215CB0C1A00E491C4 /* StackMobSession.m */; };
		DE0CC74815CB0C1A00E491C4 /* NSData+Base64.m in Sources */ = {isa = PBXBuildFile; fileRef = DE0CC72615CB0C1A00E491C4 /* NSData+Base64.m */; };
		DE0CC74915CB0C1A00E491C4 /* NSData+JSON.m in Sources */ = {isa = PBXBuildFile; fileRef = DE0CC72815CB0C1A00E491C4 /* NSData+JSON.m */; };
		DE12E031156584AB0098D3F9 /* InneractiveView.storyboard in Resources */ = {isa = PBXBuildFile; fileRef = DE12E030156584AB0098D3F9 /* InneractiveView.storyboard */; };
		DE4F06BA1566C388008F86C5 /* DeleteObjectViewController.m in Sources */ = {isa = PBXBuildFile; fileRef = DE4F06B91566C387008F86C5 /* DeleteObjectViewController.m */; };
		DE5A103E1563143600A2AC6B /* CreateObjectViewController.m in Sources */ = {isa = PBXBuildFile; fileRef = DE5A103D1563143600A2AC6B /* CreateObjectViewController.m */; };
		DE5A104615633E8B00A2AC6B /* ReadObjectViewController.m in Sources */ = {isa = PBXBuildFile; fileRef = DE5A104515633E8B00A2AC6B /* ReadObjectViewController.m */; };
		DE5A104915633F5900A2AC6B /* UpdateObjectViewController.m in Sources */ = {isa = PBXBuildFile; fileRef = DE5A104815633F5900A2AC6B /* UpdateObjectViewController.m */; };
/* End PBXBuildFile section */

/* Begin PBXContainerItemProxy section */
		100A4557149AFBEA003A8642 /* PBXContainerItemProxy */ = {
			isa = PBXContainerItemProxy;
			containerPortal = 100A451E149AFBE9003A8642 /* Project object */;
			proxyType = 1;
			remoteGlobalIDString = 100A4526149AFBEA003A8642;
			remoteInfo = StackMobStarterProject;
		};
/* End PBXContainerItemProxy section */

/* Begin PBXFileReference section */
		100A4527149AFBEA003A8642 /* StackMobStarterProject.app */ = {isa = PBXFileReference; explicitFileType = wrapper.application; includeInIndex = 0; path = StackMobStarterProject.app; sourceTree = BUILT_PRODUCTS_DIR; };
		100A452B149AFBEA003A8642 /* UIKit.framework */ = {isa = PBXFileReference; lastKnownFileType = wrapper.framework; name = UIKit.framework; path = System/Library/Frameworks/UIKit.framework; sourceTree = SDKROOT; };
		100A452D149AFBEA003A8642 /* Foundation.framework */ = {isa = PBXFileReference; lastKnownFileType = wrapper.framework; name = Foundation.framework; path = System/Library/Frameworks/Foundation.framework; sourceTree = SDKROOT; };
		100A452F149AFBEA003A8642 /* CoreGraphics.framework */ = {isa = PBXFileReference; lastKnownFileType = wrapper.framework; name = CoreGraphics.framework; path = System/Library/Frameworks/CoreGraphics.framework; sourceTree = SDKROOT; };
		100A4533149AFBEA003A8642 /* StackMobStarterProject-Info.plist */ = {isa = PBXFileReference; lastKnownFileType = text.plist.xml; path = "StackMobStarterProject-Info.plist"; sourceTree = "<group>"; };
		100A4535149AFBEA003A8642 /* en */ = {isa = PBXFileReference; lastKnownFileType = text.plist.strings; name = en; path = en.lproj/InfoPlist.strings; sourceTree = "<group>"; };
		100A4537149AFBEA003A8642 /* main.m */ = {isa = PBXFileReference; lastKnownFileType = sourcecode.c.objc; path = main.m; sourceTree = "<group>"; };
		100A4539149AFBEA003A8642 /* StackMobStarterProject-Prefix.pch */ = {isa = PBXFileReference; lastKnownFileType = sourcecode.c.h; path = "StackMobStarterProject-Prefix.pch"; sourceTree = "<group>"; };
		100A453A149AFBEA003A8642 /* StackMobStarterProjectAppDelegate.h */ = {isa = PBXFileReference; lastKnownFileType = sourcecode.c.h; path = StackMobStarterProjectAppDelegate.h; sourceTree = "<group>"; };
		100A453B149AFBEA003A8642 /* StackMobStarterProjectAppDelegate.m */ = {isa = PBXFileReference; lastKnownFileType = sourcecode.c.objc; path = StackMobStarterProjectAppDelegate.m; sourceTree = "<group>"; };
		100A4551149AFBEA003A8642 /* StackMobStarterProjectTests.octest */ = {isa = PBXFileReference; explicitFileType = wrapper.cfbundle; includeInIndex = 0; path = StackMobStarterProjectTests.octest; sourceTree = BUILT_PRODUCTS_DIR; };
		100A4552149AFBEA003A8642 /* SenTestingKit.framework */ = {isa = PBXFileReference; lastKnownFileType = wrapper.framework; name = SenTestingKit.framework; path = Library/Frameworks/SenTestingKit.framework; sourceTree = DEVELOPER_DIR; };
		100A455B149AFBEA003A8642 /* StackMobStarterProjectTests-Info.plist */ = {isa = PBXFileReference; lastKnownFileType = text.plist.xml; path = "StackMobStarterProjectTests-Info.plist"; sourceTree = "<group>"; };
		100A455D149AFBEA003A8642 /* en */ = {isa = PBXFileReference; lastKnownFileType = text.plist.strings; name = en; path = en.lproj/InfoPlist.strings; sourceTree = "<group>"; };
		100A455F149AFBEA003A8642 /* StackMobStarterProjectTests.h */ = {isa = PBXFileReference; lastKnownFileType = sourcecode.c.h; path = StackMobStarterProjectTests.h; sourceTree = "<group>"; };
		100A4560149AFBEA003A8642 /* StackMobStarterProjectTests.m */ = {isa = PBXFileReference; lastKnownFileType = sourcecode.c.objc; path = StackMobStarterProjectTests.m; sourceTree = "<group>"; };
		100A45CD149AFD39003A8642 /* CFNetwork.framework */ = {isa = PBXFileReference; lastKnownFileType = wrapper.framework; name = CFNetwork.framework; path = System/Library/Frameworks/CFNetwork.framework; sourceTree = SDKROOT; };
		100A45CF149AFD4E003A8642 /* SystemConfiguration.framework */ = {isa = PBXFileReference; lastKnownFileType = wrapper.framework; name = SystemConfiguration.framework; path = System/Library/Frameworks/SystemConfiguration.framework; sourceTree = SDKROOT; };
		5615C7C11506C26E001F2AD2 /* MainStoryboard_iPhone.storyboard */ = {isa = PBXFileReference; fileEncoding = 4; lastKnownFileType = file.storyboard; path = MainStoryboard_iPhone.storyboard; sourceTree = "<group>"; };
		561FC8A2155AB77500C0B342 /* InneractiveViewViewController.h */ = {isa = PBXFileReference; fileEncoding = 4; lastKnownFileType = sourcecode.c.h; path = InneractiveViewViewController.h; sourceTree = "<group>"; };
		561FC8A3155AB77500C0B342 /* InneractiveViewViewController.m */ = {isa = PBXFileReference; fileEncoding = 4; lastKnownFileType = sourcecode.c.objc; path = InneractiveViewViewController.m; sourceTree = "<group>"; };
		DE0CC6DC15CB0C1A00E491C4 /* InneractiveAd.h */ = {isa = PBXFileReference; fileEncoding = 4; lastKnownFileType = sourcecode.c.h; path = InneractiveAd.h; sourceTree = "<group>"; };
		DE0CC6DE15CB0C1A00E491C4 /* InneractiveAdSDK-v112-S.a */ = {isa = PBXFileReference; lastKnownFileType = archive.ar; path = "InneractiveAdSDK-v112-S.a"; sourceTree = "<group>"; };
		DE0CC6E015CB0C1A00E491C4 /* JSONKit.h */ = {isa = PBXFileReference; fileEncoding = 4; lastKnownFileType = sourcecode.c.h; path = JSONKit.h; sourceTree = "<group>"; };
		DE0CC6E115CB0C1A00E491C4 /* JSONKit.m */ = {isa = PBXFileReference; fileEncoding = 4; lastKnownFileType = sourcecode.c.objc; path = JSONKit.m; sourceTree = "<group>"; };
		DE0CC6E315CB0C1A00E491C4 /* YAJLIOS.framework */ = {isa = PBXFileReference; lastKnownFileType = wrapper.framework; path = YAJLIOS.framework; sourceTree = "<group>"; };
		DE0CC6E615CB0C1A00E491C4 /* Base64Transcoder.c */ = {isa = PBXFileReference; fileEncoding = 4; lastKnownFileType = sourcecode.c.c; path = Base64Transcoder.c; sourceTree = "<group>"; };
		DE0CC6E715CB0C1A00E491C4 /* Base64Transcoder.h */ = {isa = PBXFileReference; fileEncoding = 4; lastKnownFileType = sourcecode.c.h; path = Base64Transcoder.h; sourceTree = "<group>"; };
		DE0CC6E815CB0C1A00E491C4 /* NSMutableURLRequest+Parameters.h */ = {isa = PBXFileReference; fileEncoding = 4; lastKnownFileType = sourcecode.c.h; path = "NSMutableURLRequest+Parameters.h"; sourceTree = "<group>"; };
		DE0CC6E915CB0C1A00E491C4 /* NSMutableURLRequest+Parameters.m */ = {isa = PBXFileReference; fileEncoding = 4; lastKnownFileType = sourcecode.c.objc; path = "NSMutableURLRequest+Parameters.m"; sourceTree = "<group>"; };
		DE0CC6EA15CB0C1A00E491C4 /* NSString+URLEncoding.h */ = {isa = PBXFileReference; fileEncoding = 4; lastKnownFileType = sourcecode.c.h; path = "NSString+URLEncoding.h"; sourceTree = "<group>"; };
		DE0CC6EB15CB0C1A00E491C4 /* NSString+URLEncoding.m */ = {isa = PBXFileReference; fileEncoding = 4; lastKnownFileType = sourcecode.c.objc; path = "NSString+URLEncoding.m"; sourceTree = "<group>"; };
		DE0CC6EC15CB0C1A00E491C4 /* NSURL+Base.h */ = {isa = PBXFileReference; fileEncoding = 4; lastKnownFileType = sourcecode.c.h; path = "NSURL+Base.h"; sourceTree = "<group>"; };
		DE0CC6ED15CB0C1A00E491C4 /* NSURL+Base.m */ = {isa = PBXFileReference; fileEncoding = 4; lastKnownFileType = sourcecode.c.objc; path = "NSURL+Base.m"; sourceTree = "<group>"; };
		DE0CC6EE15CB0C1A00E491C4 /* OAAsynchronousDataFetcher.h */ = {isa = PBXFileReference; fileEncoding = 4; lastKnownFileType = sourcecode.c.h; path = OAAsynchronousDataFetcher.h; sourceTree = "<group>"; };
		DE0CC6EF15CB0C1A00E491C4 /* OAAsynchronousDataFetcher.m */ = {isa = PBXFileReference; fileEncoding = 4; lastKnownFileType = sourcecode.c.objc; path = OAAsynchronousDataFetcher.m; sourceTree = "<group>"; };
		DE0CC6F015CB0C1A00E491C4 /* OAConsumer.h */ = {isa = PBXFileReference; fileEncoding = 4; lastKnownFileType = sourcecode.c.h; path = OAConsumer.h; sourceTree = "<group>"; };
		DE0CC6F115CB0C1A00E491C4 /* OAConsumer.m */ = {isa = PBXFileReference; fileEncoding = 4; lastKnownFileType = sourcecode.c.objc; path = OAConsumer.m; sourceTree = "<group>"; };
		DE0CC6F215CB0C1A00E491C4 /* OADataFetcher.h */ = {isa = PBXFileReference; fileEncoding = 4; lastKnownFileType = sourcecode.c.h; path = OADataFetcher.h; sourceTree = "<group>"; };
		DE0CC6F315CB0C1A00E491C4 /* OADataFetcher.m */ = {isa = PBXFileReference; fileEncoding = 4; lastKnownFileType = sourcecode.c.objc; path = OADataFetcher.m; sourceTree = "<group>"; };
		DE0CC6F415CB0C1A00E491C4 /* OAHMAC_SHA1SignatureProvider.h */ = {isa = PBXFileReference; fileEncoding = 4; lastKnownFileType = sourcecode.c.h; path = OAHMAC_SHA1SignatureProvider.h; sourceTree = "<group>"; };
		DE0CC6F515CB0C1A00E491C4 /* OAHMAC_SHA1SignatureProvider.m */ = {isa = PBXFileReference; fileEncoding = 4; lastKnownFileType = sourcecode.c.objc; path = OAHMAC_SHA1SignatureProvider.m; sourceTree = "<group>"; };
		DE0CC6F615CB0C1A00E491C4 /* OAMutableURLRequest.h */ = {isa = PBXFileReference; fileEncoding = 4; lastKnownFileType = sourcecode.c.h; path = OAMutableURLRequest.h; sourceTree = "<group>"; };
		DE0CC6F715CB0C1A00E491C4 /* OAMutableURLRequest.m */ = {isa = PBXFileReference; fileEncoding = 4; lastKnownFileType = sourcecode.c.objc; path = OAMutableURLRequest.m; sourceTree = "<group>"; };
		DE0CC6F815CB0C1A00E491C4 /* OAPlaintextSignatureProvider.h */ = {isa = PBXFileReference; fileEncoding = 4; lastKnownFileType = sourcecode.c.h; path = OAPlaintextSignatureProvider.h; sourceTree = "<group>"; };
		DE0CC6F915CB0C1A00E491C4 /* OAPlaintextSignatureProvider.m */ = {isa = PBXFileReference; fileEncoding = 4; lastKnownFileType = sourcecode.c.objc; path = OAPlaintextSignatureProvider.m; sourceTree = "<group>"; };
		DE0CC6FA15CB0C1A00E491C4 /* OARequestParameter.h */ = {isa = PBXFileReference; fileEncoding = 4; lastKnownFileType = sourcecode.c.h; path = OARequestParameter.h; sourceTree = "<group>"; };
		DE0CC6FB15CB0C1A00E491C4 /* OARequestParameter.m */ = {isa = PBXFileReference; fileEncoding = 4; lastKnownFileType = sourcecode.c.objc; path = OARequestParameter.m; sourceTree = "<group>"; };
		DE0CC6FC15CB0C1A00E491C4 /* OAServiceTicket.h */ = {isa = PBXFileReference; fileEncoding = 4; lastKnownFileType = sourcecode.c.h; path = OAServiceTicket.h; sourceTree = "<group>"; };
		DE0CC6FD15CB0C1A00E491C4 /* OAServiceTicket.m */ = {isa = PBXFileReference; fileEncoding = 4; lastKnownFileType = sourcecode.c.objc; path = OAServiceTicket.m; sourceTree = "<group>"; };
		DE0CC6FE15CB0C1A00E491C4 /* OASignatureProviding.h */ = {isa = PBXFileReference; fileEncoding = 4; lastKnownFileType = sourcecode.c.h; path = OASignatureProviding.h; sourceTree = "<group>"; };
		DE0CC6FF15CB0C1A00E491C4 /* OAToken.h */ = {isa = PBXFileReference; fileEncoding = 4; lastKnownFileType = sourcecode.c.h; path = OAToken.h; sourceTree = "<group>"; };
		DE0CC70015CB0C1A00E491C4 /* OAToken.m */ = {isa = PBXFileReference; fileEncoding = 4; lastKnownFileType = sourcecode.c.objc; path = OAToken.m; sourceTree = "<group>"; };
		DE0CC70115CB0C1A00E491C4 /* OAuthConsumer.h */ = {isa = PBXFileReference; fileEncoding = 4; lastKnownFileType = sourcecode.c.h; path = OAuthConsumer.h; sourceTree = "<group>"; };
		DE0CC70315CB0C1A00E491C4 /* Reachability.h */ = {isa = PBXFileReference; fileEncoding = 4; lastKnownFileType = sourcecode.c.h; path = Reachability.h; sourceTree = "<group>"; };
		DE0CC70415CB0C1A00E491C4 /* Reachability.m */ = {isa = PBXFileReference; fileEncoding = 4; lastKnownFileType = sourcecode.c.objc; path = Reachability.m; sourceTree = "<group>"; };
		DE0CC70615CB0C1A00E491C4 /* SecureUDID.h */ = {isa = PBXFileReference; fileEncoding = 4; lastKnownFileType = sourcecode.c.h; path = SecureUDID.h; sourceTree = "<group>"; };
		DE0CC70715CB0C1A00E491C4 /* SecureUDID.m */ = {isa = PBXFileReference; fileEncoding = 4; lastKnownFileType = sourcecode.c.objc; path = SecureUDID.m; sourceTree = "<group>"; };
		DE0CC70815CB0C1A00E491C4 /* SMFile.h */ = {isa = PBXFileReference; fileEncoding = 4; lastKnownFileType = sourcecode.c.h; path = SMFile.h; sourceTree = "<group>"; };
		DE0CC70915CB0C1A00E491C4 /* SMFile.m */ = {isa = PBXFileReference; fileEncoding = 4; lastKnownFileType = sourcecode.c.objc; path = SMFile.m; sourceTree = "<group>"; };
		DE0CC70A15CB0C1A00E491C4 /* SMGeoPoint.h */ = {isa = PBXFileReference; fileEncoding = 4; lastKnownFileType = sourcecode.c.h; path = SMGeoPoint.h; sourceTree = "<group>"; };
		DE0CC70B15CB0C1A00E491C4 /* SMGeoPoint.m */ = {isa = PBXFileReference; fileEncoding = 4; lastKnownFileType = sourcecode.c.objc; path = SMGeoPoint.m; sourceTree = "<group>"; };
		DE0CC70C15CB0C1A00E491C4 /* StackMob.h */ = {isa = PBXFileReference; fileEncoding = 4; lastKnownFileType = sourcecode.c.h; path = StackMob.h; sourceTree = "<group>"; };
		DE0CC70D15CB0C1A00E491C4 /* StackMob.m */ = {isa = PBXFileReference; fileEncoding = 4; lastKnownFileType = sourcecode.c.objc; path = StackMob.m; sourceTree = "<group>"; };
		DE0CC70E15CB0C1A00E491C4 /* StackMobAccessTokenRequest.h */ = {isa = PBXFileReference; fileEncoding = 4; lastKnownFileType = sourcecode.c.h; path = StackMobAccessTokenRequest.h; sourceTree = "<group>"; };
		DE0CC70F15CB0C1A00E491C4 /* StackMobAccessTokenRequest.m */ = {isa = PBXFileReference; fileEncoding = 4; lastKnownFileType = sourcecode.c.objc; path = StackMobAccessTokenRequest.m; sourceTree = "<group>"; };
		DE0CC71015CB0C1A00E491C4 /* StackMobAdditions.h */ = {isa = PBXFileReference; fileEncoding = 4; lastKnownFileType = sourcecode.c.h; path = StackMobAdditions.h; sourceTree = "<group>"; };
		DE0CC71115CB0C1A00E491C4 /* StackMobAdditions.m */ = {isa = PBXFileReference; fileEncoding = 4; lastKnownFileType = sourcecode.c.objc; path = StackMobAdditions.m; sourceTree = "<group>"; };
		DE0CC71215CB0C1A00E491C4 /* StackMobBulkRequest.h */ = {isa = PBXFileReference; fileEncoding = 4; lastKnownFileType = sourcecode.c.h; path = StackMobBulkRequest.h; sourceTree = "<group>"; };
		DE0CC71315CB0C1A00E491C4 /* StackMobBulkRequest.m */ = {isa = PBXFileReference; fileEncoding = 4; lastKnownFileType = sourcecode.c.objc; path = StackMobBulkRequest.m; sourceTree = "<group>"; };
		DE0CC71415CB0C1A00E491C4 /* StackMobClientData.h */ = {isa = PBXFileReference; fileEncoding = 4; lastKnownFileType = sourcecode.c.h; path = StackMobClientData.h; sourceTree = "<group>"; };
		DE0CC71515CB0C1A00E491C4 /* StackMobClientData.m */ = {isa = PBXFileReference; fileEncoding = 4; lastKnownFileType = sourcecode.c.objc; path = StackMobClientData.m; sourceTree = "<group>"; };
		DE0CC71615CB0C1A00E491C4 /* StackMobConfiguration.h */ = {isa = PBXFileReference; fileEncoding = 4; lastKnownFileType = sourcecode.c.h; path = StackMobConfiguration.h; sourceTree = "<group>"; };
		DE0CC71715CB0C1A00E491C4 /* StackMobCookieStore.h */ = {isa = PBXFileReference; fileEncoding = 4; lastKnownFileType = sourcecode.c.h; path = StackMobCookieStore.h; sourceTree = "<group>"; };
		DE0CC71815CB0C1A00E491C4 /* StackMobCookieStore.m */ = {isa = PBXFileReference; fileEncoding = 4; lastKnownFileType = sourcecode.c.objc; path = StackMobCookieStore.m; sourceTree = "<group>"; };
		DE0CC71915CB0C1A00E491C4 /* StackMobHerokuRequest.h */ = {isa = PBXFileReference; fileEncoding = 4; lastKnownFileType = sourcecode.c.h; path = StackMobHerokuRequest.h; sourceTree = "<group>"; };
		DE0CC71A15CB0C1A00E491C4 /* StackMobHerokuRequest.m */ = {isa = PBXFileReference; fileEncoding = 4; lastKnownFileType = sourcecode.c.objc; path = StackMobHerokuRequest.m; sourceTree = "<group>"; };
		DE0CC71B15CB0C1A00E491C4 /* StackMobPushRequest.h */ = {isa = PBXFileReference; fileEncoding = 4; lastKnownFileType = sourcecode.c.h; path = StackMobPushRequest.h; sourceTree = "<group>"; };
		DE0CC71C15CB0C1A00E491C4 /* StackMobPushRequest.m */ = {isa = PBXFileReference; fileEncoding = 4; lastKnownFileType = sourcecode.c.objc; path = StackMobPushRequest.m; sourceTree = "<group>"; };
		DE0CC71D15CB0C1A00E491C4 /* StackMobQuery.h */ = {isa = PBXFileReference; fileEncoding = 4; lastKnownFileType = sourcecode.c.h; path = StackMobQuery.h; sourceTree = "<group>"; };
		DE0CC71E15CB0C1A00E491C4 /* StackMobQuery.m */ = {isa = PBXFileReference; fileEncoding = 4; lastKnownFileType = sourcecode.c.objc; path = StackMobQuery.m; sourceTree = "<group>"; };
		DE0CC71F15CB0C1A00E491C4 /* StackMobRequest.h */ = {isa = PBXFileReference; fileEncoding = 4; lastKnownFileType = sourcecode.c.h; path = StackMobRequest.h; sourceTree = "<group>"; };
		DE0CC72015CB0C1A00E491C4 /* StackMobRequest.m */ = {isa = PBXFileReference; fileEncoding = 4; lastKnownFileType = sourcecode.c.objc; path = StackMobRequest.m; sourceTree = "<group>"; };
		DE0CC72115CB0C1A00E491C4 /* StackMobSession.h */ = {isa = PBXFileReference; fileEncoding = 4; lastKnownFileType = sourcecode.c.h; path = StackMobSession.h; sourceTree = "<group>"; };
		DE0CC72215CB0C1A00E491C4 /* StackMobSession.m */ = {isa = PBXFileReference; fileEncoding = 4; lastKnownFileType = sourcecode.c.objc; path = StackMobSession.m; sourceTree = "<group>"; };
		DE0CC72315CB0C1A00E491C4 /* StackMobVersion.h */ = {isa = PBXFileReference; fileEncoding = 4; lastKnownFileType = sourcecode.c.h; path = StackMobVersion.h; sourceTree = "<group>"; };
		DE0CC72515CB0C1A00E491C4 /* NSData+Base64.h */ = {isa = PBXFileReference; fileEncoding = 4; lastKnownFileType = sourcecode.c.h; path = "NSData+Base64.h"; sourceTree = "<group>"; };
		DE0CC72615CB0C1A00E491C4 /* NSData+Base64.m */ = {isa = PBXFileReference; fileEncoding = 4; lastKnownFileType = sourcecode.c.objc; path = "NSData+Base64.m"; sourceTree = "<group>"; };
		DE0CC72715CB0C1A00E491C4 /* NSData+JSON.h */ = {isa = PBXFileReference; fileEncoding = 4; lastKnownFileType = sourcecode.c.h; path = "NSData+JSON.h"; sourceTree = "<group>"; };
		DE0CC72815CB0C1A00E491C4 /* NSData+JSON.m */ = {isa = PBXFileReference; fileEncoding = 4; lastKnownFileType = sourcecode.c.objc; path = "NSData+JSON.m"; sourceTree = "<group>"; };
		DE12E030156584AB0098D3F9 /* InneractiveView.storyboard */ = {isa = PBXFileReference; fileEncoding = 4; lastKnownFileType = file.storyboard; path = InneractiveView.storyboard; sourceTree = "<group>"; };
		DE4F06B81566C387008F86C5 /* DeleteObjectViewController.h */ = {isa = PBXFileReference; fileEncoding = 4; lastKnownFileType = sourcecode.c.h; path = DeleteObjectViewController.h; sourceTree = "<group>"; };
		DE4F06B91566C387008F86C5 /* DeleteObjectViewController.m */ = {isa = PBXFileReference; fileEncoding = 4; lastKnownFileType = sourcecode.c.objc; path = DeleteObjectViewController.m; sourceTree = "<group>"; };
		DE5A103C1563143600A2AC6B /* CreateObjectViewController.h */ = {isa = PBXFileReference; fileEncoding = 4; lastKnownFileType = sourcecode.c.h; path = CreateObjectViewController.h; sourceTree = "<group>"; };
		DE5A103D1563143600A2AC6B /* CreateObjectViewController.m */ = {isa = PBXFileReference; fileEncoding = 4; lastKnownFileType = sourcecode.c.objc; path = CreateObjectViewController.m; sourceTree = "<group>"; };
		DE5A104415633E8B00A2AC6B /* ReadObjectViewController.h */ = {isa = PBXFileReference; fileEncoding = 4; lastKnownFileType = sourcecode.c.h; path = ReadObjectViewController.h; sourceTree = "<group>"; };
		DE5A104515633E8B00A2AC6B /* ReadObjectViewController.m */ = {isa = PBXFileReference; fileEncoding = 4; lastKnownFileType = sourcecode.c.objc; path = ReadObjectViewController.m; sourceTree = "<group>"; };
		DE5A104715633F5900A2AC6B /* UpdateObjectViewController.h */ = {isa = PBXFileReference; fileEncoding = 4; lastKnownFileType = sourcecode.c.h; path = UpdateObjectViewController.h; sourceTree = "<group>"; };
		DE5A104815633F5900A2AC6B /* UpdateObjectViewController.m */ = {isa = PBXFileReference; fileEncoding = 4; lastKnownFileType = sourcecode.c.objc; path = UpdateObjectViewController.m; sourceTree = "<group>"; };
/* End PBXFileReference section */

/* Begin PBXFrameworksBuildPhase section */
		100A4524149AFBEA003A8642 /* Frameworks */ = {
			isa = PBXFrameworksBuildPhase;
			buildActionMask = 2147483647;
			files = (
				100A45D0149AFD4E003A8642 /* SystemConfiguration.framework in Frameworks */,
				100A45CE149AFD39003A8642 /* CFNetwork.framework in Frameworks */,
				100A452C149AFBEA003A8642 /* UIKit.framework in Frameworks */,
				100A452E149AFBEA003A8642 /* Foundation.framework in Frameworks */,
				100A4530149AFBEA003A8642 /* CoreGraphics.framework in Frameworks */,
				DE0CC72915CB0C1A00E491C4 /* InneractiveAdSDK-v112-S.a in Frameworks */,
				DE0CC72B15CB0C1A00E491C4 /* YAJLIOS.framework in Frameworks */,
			);
			runOnlyForDeploymentPostprocessing = 0;
		};
		100A454D149AFBEA003A8642 /* Frameworks */ = {
			isa = PBXFrameworksBuildPhase;
			buildActionMask = 2147483647;
			files = (
				100A4553149AFBEA003A8642 /* SenTestingKit.framework in Frameworks */,
				100A4554149AFBEA003A8642 /* UIKit.framework in Frameworks */,
				100A4555149AFBEA003A8642 /* Foundation.framework in Frameworks */,
				100A4556149AFBEA003A8642 /* CoreGraphics.framework in Frameworks */,
			);
			runOnlyForDeploymentPostprocessing = 0;
		};
/* End PBXFrameworksBuildPhase section */

/* Begin PBXGroup section */
		100A451C149AFBE9003A8642 = {
			isa = PBXGroup;
			children = (
				100A4531149AFBEA003A8642 /* StackMobStarterProject */,
				100A4559149AFBEA003A8642 /* StackMobStarterProjectTests */,
				100A452A149AFBEA003A8642 /* Frameworks */,
				100A4528149AFBEA003A8642 /* Products */,
			);
			sourceTree = "<group>";
		};
		100A4528149AFBEA003A8642 /* Products */ = {
			isa = PBXGroup;
			children = (
				100A4527149AFBEA003A8642 /* StackMobStarterProject.app */,
				100A4551149AFBEA003A8642 /* StackMobStarterProjectTests.octest */,
			);
			name = Products;
			sourceTree = "<group>";
		};
		100A452A149AFBEA003A8642 /* Frameworks */ = {
			isa = PBXGroup;
			children = (
				100A45CF149AFD4E003A8642 /* SystemConfiguration.framework */,
				100A45CD149AFD39003A8642 /* CFNetwork.framework */,
				100A452B149AFBEA003A8642 /* UIKit.framework */,
				100A452D149AFBEA003A8642 /* Foundation.framework */,
				100A452F149AFBEA003A8642 /* CoreGraphics.framework */,
				100A4552149AFBEA003A8642 /* SenTestingKit.framework */,
			);
			name = Frameworks;
			sourceTree = "<group>";
		};
		100A4531149AFBEA003A8642 /* StackMobStarterProject */ = {
			isa = PBXGroup;
			children = (
				DE0CC6D815CB0C1A00E491C4 /* StackMob */,
				100A453A149AFBEA003A8642 /* StackMobStarterProjectAppDelegate.h */,
				100A453B149AFBEA003A8642 /* StackMobStarterProjectAppDelegate.m */,
				561FC8A2155AB77500C0B342 /* InneractiveViewViewController.h */,
				561FC8A3155AB77500C0B342 /* InneractiveViewViewController.m */,
				DE5A103C1563143600A2AC6B /* CreateObjectViewController.h */,
				DE5A103D1563143600A2AC6B /* CreateObjectViewController.m */,
				DE5A104415633E8B00A2AC6B /* ReadObjectViewController.h */,
				DE5A104515633E8B00A2AC6B /* ReadObjectViewController.m */,
				DE5A104715633F5900A2AC6B /* UpdateObjectViewController.h */,
				DE5A104815633F5900A2AC6B /* UpdateObjectViewController.m */,
				DE4F06B81566C387008F86C5 /* DeleteObjectViewController.h */,
				DE4F06B91566C387008F86C5 /* DeleteObjectViewController.m */,
				100A4532149AFBEA003A8642 /* Supporting Files */,
			);
			path = StackMobStarterProject;
			sourceTree = "<group>";
		};
		100A4532149AFBEA003A8642 /* Supporting Files */ = {
			isa = PBXGroup;
			children = (
				DE12E030156584AB0098D3F9 /* InneractiveView.storyboard */,
				5615C7C11506C26E001F2AD2 /* MainStoryboard_iPhone.storyboard */,
				100A4533149AFBEA003A8642 /* StackMobStarterProject-Info.plist */,
				100A4534149AFBEA003A8642 /* InfoPlist.strings */,
				100A4537149AFBEA003A8642 /* main.m */,
				100A4539149AFBEA003A8642 /* StackMobStarterProject-Prefix.pch */,
			);
			name = "Supporting Files";
			sourceTree = "<group>";
		};
		100A4559149AFBEA003A8642 /* StackMobStarterProjectTests */ = {
			isa = PBXGroup;
			children = (
				100A455F149AFBEA003A8642 /* StackMobStarterProjectTests.h */,
				100A4560149AFBEA003A8642 /* StackMobStarterProjectTests.m */,
				100A455A149AFBEA003A8642 /* Supporting Files */,
			);
			path = StackMobStarterProjectTests;
			sourceTree = "<group>";
		};
		100A455A149AFBEA003A8642 /* Supporting Files */ = {
			isa = PBXGroup;
			children = (
				100A455B149AFBEA003A8642 /* StackMobStarterProjectTests-Info.plist */,
				100A455C149AFBEA003A8642 /* InfoPlist.strings */,
			);
			name = "Supporting Files";
			sourceTree = "<group>";
		};
		DE0CC6D815CB0C1A00E491C4 /* StackMob */ = {
			isa = PBXGroup;
			children = (
				DE0CC6D915CB0C1A00E491C4 /* External */,
				DE0CC70815CB0C1A00E491C4 /* SMFile.h */,
				DE0CC70915CB0C1A00E491C4 /* SMFile.m */,
				DE0CC70A15CB0C1A00E491C4 /* SMGeoPoint.h */,
				DE0CC70B15CB0C1A00E491C4 /* SMGeoPoint.m */,
				DE0CC70C15CB0C1A00E491C4 /* StackMob.h */,
				DE0CC70D15CB0C1A00E491C4 /* StackMob.m */,
				DE0CC70E15CB0C1A00E491C4 /* StackMobAccessTokenRequest.h */,
				DE0CC70F15CB0C1A00E491C4 /* StackMobAccessTokenRequest.m */,
				DE0CC71015CB0C1A00E491C4 /* StackMobAdditions.h */,
				DE0CC71115CB0C1A00E491C4 /* StackMobAdditions.m */,
				DE0CC71215CB0C1A00E491C4 /* StackMobBulkRequest.h */,
				DE0CC71315CB0C1A00E491C4 /* StackMobBulkRequest.m */,
				DE0CC71415CB0C1A00E491C4 /* StackMobClientData.h */,
				DE0CC71515CB0C1A00E491C4 /* StackMobClientData.m */,
				DE0CC71615CB0C1A00E491C4 /* StackMobConfiguration.h */,
				DE0CC71715CB0C1A00E491C4 /* StackMobCookieStore.h */,
				DE0CC71815CB0C1A00E491C4 /* StackMobCookieStore.m */,
				DE0CC71915CB0C1A00E491C4 /* StackMobHerokuRequest.h */,
				DE0CC71A15CB0C1A00E491C4 /* StackMobHerokuRequest.m */,
				DE0CC71B15CB0C1A00E491C4 /* StackMobPushRequest.h */,
				DE0CC71C15CB0C1A00E491C4 /* StackMobPushRequest.m */,
				DE0CC71D15CB0C1A00E491C4 /* StackMobQuery.h */,
				DE0CC71E15CB0C1A00E491C4 /* StackMobQuery.m */,
				DE0CC71F15CB0C1A00E491C4 /* StackMobRequest.h */,
				DE0CC72015CB0C1A00E491C4 /* StackMobRequest.m */,
				DE0CC72115CB0C1A00E491C4 /* StackMobSession.h */,
				DE0CC72215CB0C1A00E491C4 /* StackMobSession.m */,
				DE0CC72315CB0C1A00E491C4 /* StackMobVersion.h */,
				DE0CC72415CB0C1A00E491C4 /* Utils */,
			);
			path = StackMob;
			sourceTree = "<group>";
		};
		DE0CC6D915CB0C1A00E491C4 /* External */ = {
			isa = PBXGroup;
			children = (
				DE0CC6DA15CB0C1A00E491C4 /* inneractive */,
				DE0CC6DF15CB0C1A00E491C4 /* JSONKit */,
				DE0CC6E215CB0C1A00E491C4 /* libraries */,
				DE0CC6E415CB0C1A00E491C4 /* OAuthConsumer */,
				DE0CC70215CB0C1A00E491C4 /* reachability */,
				DE0CC70515CB0C1A00E491C4 /* SecureUDID */,
			);
			path = External;
			sourceTree = "<group>";
		};
		DE0CC6DA15CB0C1A00E491C4 /* inneractive */ = {
			isa = PBXGroup;
			children = (
				DE0CC6DB15CB0C1A00E491C4 /* include */,
				DE0CC6DD15CB0C1A00E491C4 /* lib */,
			);
			path = inneractive;
			sourceTree = "<group>";
		};
		DE0CC6DB15CB0C1A00E491C4 /* include */ = {
			isa = PBXGroup;
			children = (
				DE0CC6DC15CB0C1A00E491C4 /* InneractiveAd.h */,
			);
			path = include;
			sourceTree = "<group>";
		};
		DE0CC6DD15CB0C1A00E491C4 /* lib */ = {
			isa = PBXGroup;
			children = (
				DE0CC6DE15CB0C1A00E491C4 /* InneractiveAdSDK-v112-S.a */,
			);
			path = lib;
			sourceTree = "<group>";
		};
		DE0CC6DF15CB0C1A00E491C4 /* JSONKit */ = {
			isa = PBXGroup;
			children = (
				DE0CC6E015CB0C1A00E491C4 /* JSONKit.h */,
				DE0CC6E115CB0C1A00E491C4 /* JSONKit.m */,
			);
			path = JSONKit;
			sourceTree = "<group>";
		};
		DE0CC6E215CB0C1A00E491C4 /* libraries */ = {
			isa = PBXGroup;
			children = (
				DE0CC6E315CB0C1A00E491C4 /* YAJLIOS.framework */,
			);
			path = libraries;
			sourceTree = "<group>";
		};
		DE0CC6E415CB0C1A00E491C4 /* OAuthConsumer */ = {
			isa = PBXGroup;
			children = (
				DE0CC6E515CB0C1A00E491C4 /* Crypto */,
				DE0CC6E815CB0C1A00E491C4 /* NSMutableURLRequest+Parameters.h */,
				DE0CC6E915CB0C1A00E491C4 /* NSMutableURLRequest+Parameters.m */,
				DE0CC6EA15CB0C1A00E491C4 /* NSString+URLEncoding.h */,
				DE0CC6EB15CB0C1A00E491C4 /* NSString+URLEncoding.m */,
				DE0CC6EC15CB0C1A00E491C4 /* NSURL+Base.h */,
				DE0CC6ED15CB0C1A00E491C4 /* NSURL+Base.m */,
				DE0CC6EE15CB0C1A00E491C4 /* OAAsynchronousDataFetcher.h */,
				DE0CC6EF15CB0C1A00E491C4 /* OAAsynchronousDataFetcher.m */,
				DE0CC6F015CB0C1A00E491C4 /* OAConsumer.h */,
				DE0CC6F115CB0C1A00E491C4 /* OAConsumer.m */,
				DE0CC6F215CB0C1A00E491C4 /* OADataFetcher.h */,
				DE0CC6F315CB0C1A00E491C4 /* OADataFetcher.m */,
				DE0CC6F415CB0C1A00E491C4 /* OAHMAC_SHA1SignatureProvider.h */,
				DE0CC6F515CB0C1A00E491C4 /* OAHMAC_SHA1SignatureProvider.m */,
				DE0CC6F615CB0C1A00E491C4 /* OAMutableURLRequest.h */,
				DE0CC6F715CB0C1A00E491C4 /* OAMutableURLRequest.m */,
				DE0CC6F815CB0C1A00E491C4 /* OAPlaintextSignatureProvider.h */,
				DE0CC6F915CB0C1A00E491C4 /* OAPlaintextSignatureProvider.m */,
				DE0CC6FA15CB0C1A00E491C4 /* OARequestParameter.h */,
				DE0CC6FB15CB0C1A00E491C4 /* OARequestParameter.m */,
				DE0CC6FC15CB0C1A00E491C4 /* OAServiceTicket.h */,
				DE0CC6FD15CB0C1A00E491C4 /* OAServiceTicket.m */,
				DE0CC6FE15CB0C1A00E491C4 /* OASignatureProviding.h */,
				DE0CC6FF15CB0C1A00E491C4 /* OAToken.h */,
				DE0CC70015CB0C1A00E491C4 /* OAToken.m */,
				DE0CC70115CB0C1A00E491C4 /* OAuthConsumer.h */,
			);
			path = OAuthConsumer;
			sourceTree = "<group>";
		};
		DE0CC6E515CB0C1A00E491C4 /* Crypto */ = {
			isa = PBXGroup;
			children = (
				DE0CC6E615CB0C1A00E491C4 /* Base64Transcoder.c */,
				DE0CC6E715CB0C1A00E491C4 /* Base64Transcoder.h */,
			);
			path = Crypto;
			sourceTree = "<group>";
		};
		DE0CC70215CB0C1A00E491C4 /* reachability */ = {
			isa = PBXGroup;
			children = (
				DE0CC70315CB0C1A00E491C4 /* Reachability.h */,
				DE0CC70415CB0C1A00E491C4 /* Reachability.m */,
			);
			path = reachability;
			sourceTree = "<group>";
		};
		DE0CC70515CB0C1A00E491C4 /* SecureUDID */ = {
			isa = PBXGroup;
			children = (
				DE0CC70615CB0C1A00E491C4 /* SecureUDID.h */,
				DE0CC70715CB0C1A00E491C4 /* SecureUDID.m */,
			);
			path = SecureUDID;
			sourceTree = "<group>";
		};
		DE0CC72415CB0C1A00E491C4 /* Utils */ = {
			isa = PBXGroup;
			children = (
				DE0CC72515CB0C1A00E491C4 /* NSData+Base64.h */,
				DE0CC72615CB0C1A00E491C4 /* NSData+Base64.m */,
				DE0CC72715CB0C1A00E491C4 /* NSData+JSON.h */,
				DE0CC72815CB0C1A00E491C4 /* NSData+JSON.m */,
			);
			path = Utils;
			sourceTree = "<group>";
		};
/* End PBXGroup section */

/* Begin PBXNativeTarget section */
		100A4526149AFBEA003A8642 /* StackMobStarterProject */ = {
			isa = PBXNativeTarget;
			buildConfigurationList = 100A4564149AFBEA003A8642 /* Build configuration list for PBXNativeTarget "StackMobStarterProject" */;
			buildPhases = (
				100A4523149AFBEA003A8642 /* Sources */,
				100A4524149AFBEA003A8642 /* Frameworks */,
				100A4525149AFBEA003A8642 /* Resources */,
			);
			buildRules = (
			);
			dependencies = (
			);
			name = StackMobStarterProject;
			productName = StackMobStarterProject;
			productReference = 100A4527149AFBEA003A8642 /* StackMobStarterProject.app */;
			productType = "com.apple.product-type.application";
		};
		100A4550149AFBEA003A8642 /* StackMobStarterProjectTests */ = {
			isa = PBXNativeTarget;
			buildConfigurationList = 100A4567149AFBEA003A8642 /* Build configuration list for PBXNativeTarget "StackMobStarterProjectTests" */;
			buildPhases = (
				100A454C149AFBEA003A8642 /* Sources */,
				100A454D149AFBEA003A8642 /* Frameworks */,
				100A454E149AFBEA003A8642 /* Resources */,
				100A454F149AFBEA003A8642 /* ShellScript */,
			);
			buildRules = (
			);
			dependencies = (
				100A4558149AFBEA003A8642 /* PBXTargetDependency */,
			);
			name = StackMobStarterProjectTests;
			productName = StackMobStarterProjectTests;
			productReference = 100A4551149AFBEA003A8642 /* StackMobStarterProjectTests.octest */;
			productType = "com.apple.product-type.bundle";
		};
/* End PBXNativeTarget section */

/* Begin PBXProject section */
		100A451E149AFBE9003A8642 /* Project object */ = {
			isa = PBXProject;
			attributes = {
				LastUpgradeCheck = 0420;
				ORGANIZATIONNAME = StackMob;
			};
			buildConfigurationList = 100A4521149AFBE9003A8642 /* Build configuration list for PBXProject "StackMobStarterProject" */;
			compatibilityVersion = "Xcode 3.2";
			developmentRegion = English;
			hasScannedForEncodings = 0;
			knownRegions = (
				en,
			);
			mainGroup = 100A451C149AFBE9003A8642;
			productRefGroup = 100A4528149AFBEA003A8642 /* Products */;
			projectDirPath = "";
			projectRoot = "";
			targets = (
				100A4526149AFBEA003A8642 /* StackMobStarterProject */,
				100A4550149AFBEA003A8642 /* StackMobStarterProjectTests */,
			);
		};
/* End PBXProject section */

/* Begin PBXResourcesBuildPhase section */
		100A4525149AFBEA003A8642 /* Resources */ = {
			isa = PBXResourcesBuildPhase;
			buildActionMask = 2147483647;
			files = (
				100A4536149AFBEA003A8642 /* InfoPlist.strings in Resources */,
				5615C7C21506C26E001F2AD2 /* MainStoryboard_iPhone.storyboard in Resources */,
				DE12E031156584AB0098D3F9 /* InneractiveView.storyboard in Resources */,
			);
			runOnlyForDeploymentPostprocessing = 0;
		};
		100A454E149AFBEA003A8642 /* Resources */ = {
			isa = PBXResourcesBuildPhase;
			buildActionMask = 2147483647;
			files = (
				100A455E149AFBEA003A8642 /* InfoPlist.strings in Resources */,
				5615C7C31506C26E001F2AD2 /* MainStoryboard_iPhone.storyboard in Resources */,
			);
			runOnlyForDeploymentPostprocessing = 0;
		};
/* End PBXResourcesBuildPhase section */

/* Begin PBXShellScriptBuildPhase section */
		100A454F149AFBEA003A8642 /* ShellScript */ = {
			isa = PBXShellScriptBuildPhase;
			buildActionMask = 2147483647;
			files = (
			);
			inputPaths = (
			);
			outputPaths = (
			);
			runOnlyForDeploymentPostprocessing = 0;
			shellPath = /bin/sh;
			shellScript = "# Run the unit tests in this test bundle.\n\"${SYSTEM_DEVELOPER_DIR}/Tools/RunUnitTests\"\n";
		};
/* End PBXShellScriptBuildPhase section */

/* Begin PBXSourcesBuildPhase section */
		100A4523149AFBEA003A8642 /* Sources */ = {
			isa = PBXSourcesBuildPhase;
			buildActionMask = 2147483647;
			files = (
				100A4538149AFBEA003A8642 /* main.m in Sources */,
				100A453C149AFBEA003A8642 /* StackMobStarterProjectAppDelegate.m in Sources */,
				561FC8A4155AB77500C0B342 /* InneractiveViewViewController.m in Sources */,
				DE5A103E1563143600A2AC6B /* CreateObjectViewController.m in Sources */,
				DE5A104615633E8B00A2AC6B /* ReadObjectViewController.m in Sources */,
				DE5A104915633F5900A2AC6B /* UpdateObjectViewController.m in Sources */,
				DE4F06BA1566C388008F86C5 /* DeleteObjectViewController.m in Sources */,
				DE0CC72A15CB0C1A00E491C4 /* JSONKit.m in Sources */,
				DE0CC72C15CB0C1A00E491C4 /* Base64Transcoder.c in Sources */,
				DE0CC72D15CB0C1A00E491C4 /* NSMutableURLRequest+Parameters.m in Sources */,
				DE0CC72E15CB0C1A00E491C4 /* NSString+URLEncoding.m in Sources */,
				DE0CC72F15CB0C1A00E491C4 /* NSURL+Base.m in Sources */,
				DE0CC73015CB0C1A00E491C4 /* OAAsynchronousDataFetcher.m in Sources */,
				DE0CC73115CB0C1A00E491C4 /* OAConsumer.m in Sources */,
				DE0CC73215CB0C1A00E491C4 /* OADataFetcher.m in Sources */,
				DE0CC73315CB0C1A00E491C4 /* OAHMAC_SHA1SignatureProvider.m in Sources */,
				DE0CC73415CB0C1A00E491C4 /* OAMutableURLRequest.m in Sources */,
				DE0CC73515CB0C1A00E491C4 /* OAPlaintextSignatureProvider.m in Sources */,
				DE0CC73615CB0C1A00E491C4 /* OARequestParameter.m in Sources */,
				DE0CC73715CB0C1A00E491C4 /* OAServiceTicket.m in Sources */,
				DE0CC73815CB0C1A00E491C4 /* OAToken.m in Sources */,
				DE0CC73915CB0C1A00E491C4 /* Reachability.m in Sources */,
				DE0CC73A15CB0C1A00E491C4 /* SecureUDID.m in Sources */,
				DE0CC73B15CB0C1A00E491C4 /* SMFile.m in Sources */,
				DE0CC73C15CB0C1A00E491C4 /* SMGeoPoint.m in Sources */,
				DE0CC73D15CB0C1A00E491C4 /* StackMob.m in Sources */,
				DE0CC73E15CB0C1A00E491C4 /* StackMobAccessTokenRequest.m in Sources */,
				DE0CC73F15CB0C1A00E491C4 /* StackMobAdditions.m in Sources */,
				DE0CC74015CB0C1A00E491C4 /* StackMobBulkRequest.m in Sources */,
				DE0CC74115CB0C1A00E491C4 /* StackMobClientData.m in Sources */,
				DE0CC74215CB0C1A00E491C4 /* StackMobCookieStore.m in Sources */,
				DE0CC74315CB0C1A00E491C4 /* StackMobHerokuRequest.m in Sources */,
				DE0CC74415CB0C1A00E491C4 /* StackMobPushRequest.m in Sources */,
				DE0CC74515CB0C1A00E491C4 /* StackMobQuery.m in Sources */,
				DE0CC74615CB0C1A00E491C4 /* StackMobRequest.m in Sources */,
				DE0CC74715CB0C1A00E491C4 /* StackMobSession.m in Sources */,
				DE0CC74815CB0C1A00E491C4 /* NSData+Base64.m in Sources */,
				DE0CC74915CB0C1A00E491C4 /* NSData+JSON.m in Sources */,
			);
			runOnlyForDeploymentPostprocessing = 0;
		};
		100A454C149AFBEA003A8642 /* Sources */ = {
			isa = PBXSourcesBuildPhase;
			buildActionMask = 2147483647;
			files = (
				100A4561149AFBEA003A8642 /* StackMobStarterProjectTests.m in Sources */,
			);
			runOnlyForDeploymentPostprocessing = 0;
		};
/* End PBXSourcesBuildPhase section */

/* Begin PBXTargetDependency section */
		100A4558149AFBEA003A8642 /* PBXTargetDependency */ = {
			isa = PBXTargetDependency;
			target = 100A4526149AFBEA003A8642 /* StackMobStarterProject */;
			targetProxy = 100A4557149AFBEA003A8642 /* PBXContainerItemProxy */;
		};
/* End PBXTargetDependency section */

/* Begin PBXVariantGroup section */
		100A4534149AFBEA003A8642 /* InfoPlist.strings */ = {
			isa = PBXVariantGroup;
			children = (
				100A4535149AFBEA003A8642 /* en */,
			);
			name = InfoPlist.strings;
			sourceTree = "<group>";
		};
		100A455C149AFBEA003A8642 /* InfoPlist.strings */ = {
			isa = PBXVariantGroup;
			children = (
				100A455D149AFBEA003A8642 /* en */,
			);
			name = InfoPlist.strings;
			sourceTree = "<group>";
		};
/* End PBXVariantGroup section */

/* Begin XCBuildConfiguration section */
		100A4562149AFBEA003A8642 /* Debug */ = {
			isa = XCBuildConfiguration;
			buildSettings = {
				ALWAYS_SEARCH_USER_PATHS = NO;
				ARCHS = "$(ARCHS_STANDARD_32_BIT)";
				CLANG_ENABLE_OBJC_ARC = NO;
				"CODE_SIGN_IDENTITY[sdk=iphoneos*]" = "iPhone Developer";
				COPY_PHASE_STRIP = NO;
				GCC_C_LANGUAGE_STANDARD = gnu99;
				GCC_DYNAMIC_NO_PIC = NO;
				GCC_OPTIMIZATION_LEVEL = 0;
				GCC_PREPROCESSOR_DEFINITIONS = (
					"DEBUG=1",
					"$(inherited)",
				);
				GCC_SYMBOLS_PRIVATE_EXTERN = NO;
				GCC_VERSION = com.apple.compilers.llvm.clang.1_0;
				GCC_WARN_ABOUT_MISSING_PROTOTYPES = YES;
				GCC_WARN_ABOUT_RETURN_TYPE = YES;
				GCC_WARN_UNUSED_VARIABLE = YES;
				IPHONEOS_DEPLOYMENT_TARGET = 5.0;
				OTHER_CFLAGS = "-DNS_BLOCK_ASSERTIONS=1";
				SDKROOT = iphoneos;
				TARGETED_DEVICE_FAMILY = "1,2";
			};
			name = Debug;
		};
		100A4563149AFBEA003A8642 /* Release */ = {
			isa = XCBuildConfiguration;
			buildSettings = {
				ALWAYS_SEARCH_USER_PATHS = NO;
				ARCHS = "$(ARCHS_STANDARD_32_BIT)";
				CLANG_ENABLE_OBJC_ARC = NO;
				"CODE_SIGN_IDENTITY[sdk=iphoneos*]" = "iPhone Developer";
				COPY_PHASE_STRIP = YES;
				GCC_C_LANGUAGE_STANDARD = gnu99;
				GCC_VERSION = com.apple.compilers.llvm.clang.1_0;
				GCC_WARN_ABOUT_MISSING_PROTOTYPES = YES;
				GCC_WARN_ABOUT_RETURN_TYPE = YES;
				GCC_WARN_UNUSED_VARIABLE = YES;
				IPHONEOS_DEPLOYMENT_TARGET = 5.0;
				OTHER_CFLAGS = "-DNS_BLOCK_ASSERTIONS=1";
				SDKROOT = iphoneos;
				TARGETED_DEVICE_FAMILY = "1,2";
				VALIDATE_PRODUCT = YES;
			};
			name = Release;
		};
		100A4565149AFBEA003A8642 /* Debug */ = {
			isa = XCBuildConfiguration;
			buildSettings = {
				FRAMEWORK_SEARCH_PATHS = (
					"$(inherited)",
					"\"$(SRCROOT)/StackMobStarterProject/StackMob/External/libraries\"",
				);
				GCC_PRECOMPILE_PREFIX_HEADER = YES;
				GCC_PREFIX_HEADER = "StackMobStarterProject/StackMobStarterProject-Prefix.pch";
				INFOPLIST_FILE = "StackMobStarterProject/StackMobStarterProject-Info.plist";
				LIBRARY_SEARCH_PATHS = (
					"$(inherited)",
					"\"$(SRCROOT)/StackMobStarterProject/StackMob/External/inneractive/lib\"",
				);
				PRODUCT_NAME = "$(TARGET_NAME)";
				WRAPPER_EXTENSION = app;
			};
			name = Debug;
		};
		100A4566149AFBEA003A8642 /* Release */ = {
			isa = XCBuildConfiguration;
			buildSettings = {
				FRAMEWORK_SEARCH_PATHS = (
					"$(inherited)",
					"\"$(SRCROOT)/StackMobStarterProject/StackMob/External/libraries\"",
				);
				GCC_PRECOMPILE_PREFIX_HEADER = YES;
				GCC_PREFIX_HEADER = "StackMobStarterProject/StackMobStarterProject-Prefix.pch";
				INFOPLIST_FILE = "StackMobStarterProject/StackMobStarterProject-Info.plist";
				LIBRARY_SEARCH_PATHS = (
					"$(inherited)",
					"\"$(SRCROOT)/StackMobStarterProject/StackMob/External/inneractive/lib\"",
				);
				PRODUCT_NAME = "$(TARGET_NAME)";
				WRAPPER_EXTENSION = app;
			};
			name = Release;
		};
		100A4568149AFBEA003A8642 /* Debug */ = {
			isa = XCBuildConfiguration;
			buildSettings = {
				BUNDLE_LOADER = "$(BUILT_PRODUCTS_DIR)/StackMobStarterProject.app/StackMobStarterProject";
				FRAMEWORK_SEARCH_PATHS = (
					"$(SDKROOT)/Developer/Library/Frameworks",
					"$(DEVELOPER_LIBRARY_DIR)/Frameworks",
					"\"$(SRCROOT)/StackMobStarterProject/StackMob/External/libraries\"",
				);
				GCC_PRECOMPILE_PREFIX_HEADER = YES;
				GCC_PREFIX_HEADER = "StackMobStarterProject/StackMobStarterProject-Prefix.pch";
				INFOPLIST_FILE = "StackMobStarterProjectTests/StackMobStarterProjectTests-Info.plist";
				PRODUCT_NAME = "$(TARGET_NAME)";
				TEST_HOST = "$(BUNDLE_LOADER)";
				WRAPPER_EXTENSION = octest;
			};
			name = Debug;
		};
		100A4569149AFBEA003A8642 /* Release */ = {
			isa = XCBuildConfiguration;
			buildSettings = {
				BUNDLE_LOADER = "$(BUILT_PRODUCTS_DIR)/StackMobStarterProject.app/StackMobStarterProject";
				FRAMEWORK_SEARCH_PATHS = (
					"$(SDKROOT)/Developer/Library/Frameworks",
					"$(DEVELOPER_LIBRARY_DIR)/Frameworks",
					"\"$(SRCROOT)/StackMobStarterProject/StackMob/External/libraries\"",
				);
				GCC_PRECOMPILE_PREFIX_HEADER = YES;
				GCC_PREFIX_HEADER = "StackMobStarterProject/StackMobStarterProject-Prefix.pch";
				INFOPLIST_FILE = "StackMobStarterProjectTests/StackMobStarterProjectTests-Info.plist";
				PRODUCT_NAME = "$(TARGET_NAME)";
				TEST_HOST = "$(BUNDLE_LOADER)";
				WRAPPER_EXTENSION = octest;
			};
			name = Release;
		};
/* End XCBuildConfiguration section */

/* Begin XCConfigurationList section */
		100A4521149AFBE9003A8642 /* Build configuration list for PBXProject "StackMobStarterProject" */ = {
			isa = XCConfigurationList;
			buildConfigurations = (
				100A4562149AFBEA003A8642 /* Debug */,
				100A4563149AFBEA003A8642 /* Release */,
			);
			defaultConfigurationIsVisible = 0;
			defaultConfigurationName = Release;
		};
		100A4564149AFBEA003A8642 /* Build configuration list for PBXNativeTarget "StackMobStarterProject" */ = {
			isa = XCConfigurationList;
			buildConfigurations = (
				100A4565149AFBEA003A8642 /* Debug */,
				100A4566149AFBEA003A8642 /* Release */,
			);
			defaultConfigurationIsVisible = 0;
			defaultConfigurationName = Release;
		};
		100A4567149AFBEA003A8642 /* Build configuration list for PBXNativeTarget "StackMobStarterProjectTests" */ = {
			isa = XCConfigurationList;
			buildConfigurations = (
				100A4568149AFBEA003A8642 /* Debug */,
				100A4569149AFBEA003A8642 /* Release */,
			);
			defaultConfigurationIsVisible = 0;
			defaultConfigurationName = Release;
		};
/* End XCConfigurationList section */
	};
	rootObject = 100A451E149AFBE9003A8642 /* Project object */;
}
